
Microsoft Visual Studio Solution File, Format Version 12.00
# Visual Studio 15
VisualStudioVersion = 15.0.27703.2000
MinimumVisualStudioVersion = 10.0.40219.1
Project("{FAE04EC0-301F-11D3-BF4B-00C04F79EFBC}") = "SigmaSW", "SigmaSW\SigmaSW.csproj", "{55A655AE-CD6C-4A8D-A8DA-2193F0580086}"
EndProject
Project("{2150E333-8FDC-42A3-9474-1A3956D46DE8}") = "week 1", "week 1", "{D375BBD4-7000-4E0F-9042-E8601819AD32}"
EndProject
Project("{FAE04EC0-301F-11D3-BF4B-00C04F79EFBC}") = "1.24", "1.24\1.24.csproj", "{44B0CDAB-1E82-4E3D-8C50-FE2AA9E83067}"
EndProject
Project("{FAE04EC0-301F-11D3-BF4B-00C04F79EFBC}") = "2.12", "2.12\2.12.csproj", "{7D80E0C9-CAB2-4CDB-8A7A-7E0D004B46D0}"
EndProject
Project("{FAE04EC0-301F-11D3-BF4B-00C04F79EFBC}") = "2.13", "2.13\2.13.csproj", "{E252C477-93F3-49BE-AD8B-E1CBA3987603}"
EndProject
Project("{FAE04EC0-301F-11D3-BF4B-00C04F79EFBC}") = "2.14", "2.14\2.14.csproj", "{410B3806-481F-4DDE-BF38-16E79FB8C60A}"
EndProject
Project("{FAE04EC0-301F-11D3-BF4B-00C04F79EFBC}") = "2.15", "2.15\2.15.csproj", "{867A417E-D667-4311-9EA8-9B794B955D01}"
EndProject
Project("{FAE04EC0-301F-11D3-BF4B-00C04F79EFBC}") = "2.16", "2.16\2.16.csproj", "{4796D7ED-D599-4C91-8D2E-C93D2C7F975B}"
EndProject
Project("{FAE04EC0-301F-11D3-BF4B-00C04F79EFBC}") = "2.17", "2.17\2.17.csproj", "{156656EB-20D9-45EC-85A1-AC805EA75F3C}"
EndProject
Project("{FAE04EC0-301F-11D3-BF4B-00C04F79EFBC}") = "2.18", "2.18\2.18.csproj", "{DAF14276-0A89-46AE-9B7B-0D2E8A997961}"
EndProject
Project("{FAE04EC0-301F-11D3-BF4B-00C04F79EFBC}") = "2.19", "2.19\2.19.csproj", "{9770B834-3C85-4912-A20B-0F496102EAC6}"
EndProject
Project("{FAE04EC0-301F-11D3-BF4B-00C04F79EFBC}") = "2.20", "2.20\2.20.csproj", "{2DD3D9D0-7E30-483A-8223-E5F5305B53D0}"
EndProject
Project("{FAE04EC0-301F-11D3-BF4B-00C04F79EFBC}") = "2.21", "2.21\2.21.csproj", "{9E526D2B-D682-4788-9A78-7CA743983F37}"
EndProject
Project("{FAE04EC0-301F-11D3-BF4B-00C04F79EFBC}") = "2.22", "2.22\2.22.csproj", "{6A33411E-33C2-4A7F-AE4B-7A6A7ABD27E7}"
EndProject
Project("{FAE04EC0-301F-11D3-BF4B-00C04F79EFBC}") = "2.23", "2.23\2.23.csproj", "{5E3B0ECF-24EC-40D2-B48A-2FF90B33D0E0}"
EndProject
Project("{FAE04EC0-301F-11D3-BF4B-00C04F79EFBC}") = "3.32", "3.32\3.32.csproj", "{7A491591-5FF9-425D-B380-919BD8D44AB9}"
EndProject
Project("{FAE04EC0-301F-11D3-BF4B-00C04F79EFBC}") = "3.33", "3.33\3.33.csproj", "{E20C7AA3-911A-4CE3-AE55-C862FB7284EA}"
EndProject
Project("{FAE04EC0-301F-11D3-BF4B-00C04F79EFBC}") = "4.1", "4.1\4.1.csproj", "{BF0D32D8-D18B-4110-9062-BD503EABFF71}"
EndProject
Project("{FAE04EC0-301F-11D3-BF4B-00C04F79EFBC}") = "4.3", "4.3\4.3.csproj", "{EE638CE4-6145-41C0-8AD6-09E52C4A839B}"
EndProject
Project("{FAE04EC0-301F-11D3-BF4B-00C04F79EFBC}") = "4.2", "4.2\4.2.csproj", "{CBBCF735-96A9-4D20-8112-5D680F4919AE}"
EndProject
Project("{FAE04EC0-301F-11D3-BF4B-00C04F79EFBC}") = "4.4", "4.4\4.4.csproj", "{3C3BC54B-7DA6-446B-8900-04422D0D2AB0}"
EndProject
Project("{FAE04EC0-301F-11D3-BF4B-00C04F79EFBC}") = "4.5", "4.5\4.5.csproj", "{EA45E62E-1C55-4C6D-8459-9489645E2FB1}"
EndProject
Project("{FAE04EC0-301F-11D3-BF4B-00C04F79EFBC}") = "4.37", "4.37\4.37.csproj", "{0AA26D79-6768-40E6-ACA8-8C6D5740B581}"
EndProject
Project("{FAE04EC0-301F-11D3-BF4B-00C04F79EFBC}") = "4.38", "4.38\4.38.csproj", "{F6A970F7-55E1-4828-8331-D32598BA93FF}"
EndProject
Project("{2150E333-8FDC-42A3-9474-1A3956D46DE8}") = "arrays", "arrays", "{F8633579-BED8-4461-B0C3-68BB0E8591CD}"
EndProject
Project("{FAE04EC0-301F-11D3-BF4B-00C04F79EFBC}") = "4.1 arrays", "4.1 arrays\4.1 arrays.csproj", "{EDAFB52B-6519-4501-98B3-D9B3F261F1F3}"
EndProject
Project("{FAE04EC0-301F-11D3-BF4B-00C04F79EFBC}") = "4.2 arrays", "4.2 arrays\4.2 arrays.csproj", "{160B85DD-C775-4D96-8A35-FC2C4A4133BE}"
EndProject
Project("{FAE04EC0-301F-11D3-BF4B-00C04F79EFBC}") = "4.3 arrays", "4.3 arrays\4.3 arrays.csproj", "{47AA97B4-83A2-4F0C-ABDB-20A65C09F9C1}"
EndProject
Project("{FAE04EC0-301F-11D3-BF4B-00C04F79EFBC}") = "4.4 arrays", "4.4 arrays\4.4 arrays.csproj", "{10B076C9-2672-4637-85F9-7707C3130510}"
EndProject
Project("{FAE04EC0-301F-11D3-BF4B-00C04F79EFBC}") = "4.5 arrays", "4.5 arrays\4.5 arrays.csproj", "{9892E1F5-659A-48D2-93AE-1946122026EC}"
EndProject
Project("{FAE04EC0-301F-11D3-BF4B-00C04F79EFBC}") = "4.6 arrays", "4.6\4.6 arrays.csproj", "{43841638-BAF6-484C-8B22-D9ED2C6D4250}"
EndProject
Project("{FAE04EC0-301F-11D3-BF4B-00C04F79EFBC}") = "4.7 arrays", "4.7 arrays\4.7 arrays.csproj", "{BE0C6C44-5F3F-45E1-B76C-68502176865F}"
EndProject
Project("{FAE04EC0-301F-11D3-BF4B-00C04F79EFBC}") = "4.8 arrays", "4.8 arrays\4.8 arrays.csproj", "{E18061EE-41B8-48C3-881A-B94B40BC3080}"
EndProject
Project("{FAE04EC0-301F-11D3-BF4B-00C04F79EFBC}") = "4.9 arrays", "4.9 arrays\4.9 arrays.csproj", "{48A10300-49C9-454F-9106-66FCFD1CF1F1}"
EndProject
Project("{FAE04EC0-301F-11D3-BF4B-00C04F79EFBC}") = "4.10 arrays", "4.10 arrays\4.10 arrays.csproj", "{BE1F910D-9834-48F2-94F5-251BDE874119}"
EndProject
Project("{FAE04EC0-301F-11D3-BF4B-00C04F79EFBC}") = "4.39", "4.39\4.39.csproj", "{AC2E2490-737F-4F40-9ED0-900E6393E3CE}"
EndProject
Project("{FAE04EC0-301F-11D3-BF4B-00C04F79EFBC}") = "4.40", "4.40\4.40.csproj", "{52EB0ABE-293A-4BB0-9FE4-0751A7A7210E}"
EndProject
Project("{FAE04EC0-301F-11D3-BF4B-00C04F79EFBC}") = "4.41", "4.41\4.41.csproj", "{D321DF8F-5091-46E1-B82A-838DAC07D81E}"
EndProject
Project("{FAE04EC0-301F-11D3-BF4B-00C04F79EFBC}") = "4.42", "4.42\4.42.csproj", "{F2B655CF-5376-4CFA-A5BF-E446E6269C3B}"
EndProject
Project("{FAE04EC0-301F-11D3-BF4B-00C04F79EFBC}") = "4.68", "4.68\4.68.csproj", "{44284AC2-F532-4DED-B9A3-C48B852DC521}"
EndProject
Project("{FAE04EC0-301F-11D3-BF4B-00C04F79EFBC}") = "4.11 arrays", "4.11 arrays\4.11 arrays.csproj", "{7276AB90-6742-4D40-8F9A-D3BC75D1CBD7}"
EndProject
Global
	GlobalSection(SolutionConfigurationPlatforms) = preSolution
		Debug|Any CPU = Debug|Any CPU
		Release|Any CPU = Release|Any CPU
	EndGlobalSection
	GlobalSection(ProjectConfigurationPlatforms) = postSolution
		{55A655AE-CD6C-4A8D-A8DA-2193F0580086}.Debug|Any CPU.ActiveCfg = Debug|Any CPU
		{55A655AE-CD6C-4A8D-A8DA-2193F0580086}.Debug|Any CPU.Build.0 = Debug|Any CPU
		{55A655AE-CD6C-4A8D-A8DA-2193F0580086}.Release|Any CPU.ActiveCfg = Release|Any CPU
		{55A655AE-CD6C-4A8D-A8DA-2193F0580086}.Release|Any CPU.Build.0 = Release|Any CPU
		{44B0CDAB-1E82-4E3D-8C50-FE2AA9E83067}.Debug|Any CPU.ActiveCfg = Debug|Any CPU
		{44B0CDAB-1E82-4E3D-8C50-FE2AA9E83067}.Debug|Any CPU.Build.0 = Debug|Any CPU
		{44B0CDAB-1E82-4E3D-8C50-FE2AA9E83067}.Release|Any CPU.ActiveCfg = Release|Any CPU
		{44B0CDAB-1E82-4E3D-8C50-FE2AA9E83067}.Release|Any CPU.Build.0 = Release|Any CPU
		{7D80E0C9-CAB2-4CDB-8A7A-7E0D004B46D0}.Debug|Any CPU.ActiveCfg = Debug|Any CPU
		{7D80E0C9-CAB2-4CDB-8A7A-7E0D004B46D0}.Debug|Any CPU.Build.0 = Debug|Any CPU
		{7D80E0C9-CAB2-4CDB-8A7A-7E0D004B46D0}.Release|Any CPU.ActiveCfg = Release|Any CPU
		{7D80E0C9-CAB2-4CDB-8A7A-7E0D004B46D0}.Release|Any CPU.Build.0 = Release|Any CPU
		{E252C477-93F3-49BE-AD8B-E1CBA3987603}.Debug|Any CPU.ActiveCfg = Debug|Any CPU
		{E252C477-93F3-49BE-AD8B-E1CBA3987603}.Debug|Any CPU.Build.0 = Debug|Any CPU
		{E252C477-93F3-49BE-AD8B-E1CBA3987603}.Release|Any CPU.ActiveCfg = Release|Any CPU
		{E252C477-93F3-49BE-AD8B-E1CBA3987603}.Release|Any CPU.Build.0 = Release|Any CPU
		{410B3806-481F-4DDE-BF38-16E79FB8C60A}.Debug|Any CPU.ActiveCfg = Debug|Any CPU
		{410B3806-481F-4DDE-BF38-16E79FB8C60A}.Debug|Any CPU.Build.0 = Debug|Any CPU
		{410B3806-481F-4DDE-BF38-16E79FB8C60A}.Release|Any CPU.ActiveCfg = Release|Any CPU
		{410B3806-481F-4DDE-BF38-16E79FB8C60A}.Release|Any CPU.Build.0 = Release|Any CPU
		{867A417E-D667-4311-9EA8-9B794B955D01}.Debug|Any CPU.ActiveCfg = Debug|Any CPU
		{867A417E-D667-4311-9EA8-9B794B955D01}.Debug|Any CPU.Build.0 = Debug|Any CPU
		{867A417E-D667-4311-9EA8-9B794B955D01}.Release|Any CPU.ActiveCfg = Release|Any CPU
		{867A417E-D667-4311-9EA8-9B794B955D01}.Release|Any CPU.Build.0 = Release|Any CPU
		{4796D7ED-D599-4C91-8D2E-C93D2C7F975B}.Debug|Any CPU.ActiveCfg = Debug|Any CPU
		{4796D7ED-D599-4C91-8D2E-C93D2C7F975B}.Debug|Any CPU.Build.0 = Debug|Any CPU
		{4796D7ED-D599-4C91-8D2E-C93D2C7F975B}.Release|Any CPU.ActiveCfg = Release|Any CPU
		{4796D7ED-D599-4C91-8D2E-C93D2C7F975B}.Release|Any CPU.Build.0 = Release|Any CPU
		{156656EB-20D9-45EC-85A1-AC805EA75F3C}.Debug|Any CPU.ActiveCfg = Debug|Any CPU
		{156656EB-20D9-45EC-85A1-AC805EA75F3C}.Debug|Any CPU.Build.0 = Debug|Any CPU
		{156656EB-20D9-45EC-85A1-AC805EA75F3C}.Release|Any CPU.ActiveCfg = Release|Any CPU
		{156656EB-20D9-45EC-85A1-AC805EA75F3C}.Release|Any CPU.Build.0 = Release|Any CPU
		{DAF14276-0A89-46AE-9B7B-0D2E8A997961}.Debug|Any CPU.ActiveCfg = Debug|Any CPU
		{DAF14276-0A89-46AE-9B7B-0D2E8A997961}.Debug|Any CPU.Build.0 = Debug|Any CPU
		{DAF14276-0A89-46AE-9B7B-0D2E8A997961}.Release|Any CPU.ActiveCfg = Release|Any CPU
		{DAF14276-0A89-46AE-9B7B-0D2E8A997961}.Release|Any CPU.Build.0 = Release|Any CPU
		{9770B834-3C85-4912-A20B-0F496102EAC6}.Debug|Any CPU.ActiveCfg = Debug|Any CPU
		{9770B834-3C85-4912-A20B-0F496102EAC6}.Debug|Any CPU.Build.0 = Debug|Any CPU
		{9770B834-3C85-4912-A20B-0F496102EAC6}.Release|Any CPU.ActiveCfg = Release|Any CPU
		{9770B834-3C85-4912-A20B-0F496102EAC6}.Release|Any CPU.Build.0 = Release|Any CPU
		{2DD3D9D0-7E30-483A-8223-E5F5305B53D0}.Debug|Any CPU.ActiveCfg = Debug|Any CPU
		{2DD3D9D0-7E30-483A-8223-E5F5305B53D0}.Debug|Any CPU.Build.0 = Debug|Any CPU
		{2DD3D9D0-7E30-483A-8223-E5F5305B53D0}.Release|Any CPU.ActiveCfg = Release|Any CPU
		{2DD3D9D0-7E30-483A-8223-E5F5305B53D0}.Release|Any CPU.Build.0 = Release|Any CPU
		{9E526D2B-D682-4788-9A78-7CA743983F37}.Debug|Any CPU.ActiveCfg = Debug|Any CPU
		{9E526D2B-D682-4788-9A78-7CA743983F37}.Debug|Any CPU.Build.0 = Debug|Any CPU
		{9E526D2B-D682-4788-9A78-7CA743983F37}.Release|Any CPU.ActiveCfg = Release|Any CPU
		{9E526D2B-D682-4788-9A78-7CA743983F37}.Release|Any CPU.Build.0 = Release|Any CPU
		{6A33411E-33C2-4A7F-AE4B-7A6A7ABD27E7}.Debug|Any CPU.ActiveCfg = Debug|Any CPU
		{6A33411E-33C2-4A7F-AE4B-7A6A7ABD27E7}.Debug|Any CPU.Build.0 = Debug|Any CPU
		{6A33411E-33C2-4A7F-AE4B-7A6A7ABD27E7}.Release|Any CPU.ActiveCfg = Release|Any CPU
		{6A33411E-33C2-4A7F-AE4B-7A6A7ABD27E7}.Release|Any CPU.Build.0 = Release|Any CPU
		{5E3B0ECF-24EC-40D2-B48A-2FF90B33D0E0}.Debug|Any CPU.ActiveCfg = Debug|Any CPU
		{5E3B0ECF-24EC-40D2-B48A-2FF90B33D0E0}.Debug|Any CPU.Build.0 = Debug|Any CPU
		{5E3B0ECF-24EC-40D2-B48A-2FF90B33D0E0}.Release|Any CPU.ActiveCfg = Release|Any CPU
		{5E3B0ECF-24EC-40D2-B48A-2FF90B33D0E0}.Release|Any CPU.Build.0 = Release|Any CPU
		{7A491591-5FF9-425D-B380-919BD8D44AB9}.Debug|Any CPU.ActiveCfg = Debug|Any CPU
		{7A491591-5FF9-425D-B380-919BD8D44AB9}.Debug|Any CPU.Build.0 = Debug|Any CPU
		{7A491591-5FF9-425D-B380-919BD8D44AB9}.Release|Any CPU.ActiveCfg = Release|Any CPU
		{7A491591-5FF9-425D-B380-919BD8D44AB9}.Release|Any CPU.Build.0 = Release|Any CPU
		{E20C7AA3-911A-4CE3-AE55-C862FB7284EA}.Debug|Any CPU.ActiveCfg = Debug|Any CPU
		{E20C7AA3-911A-4CE3-AE55-C862FB7284EA}.Debug|Any CPU.Build.0 = Debug|Any CPU
		{E20C7AA3-911A-4CE3-AE55-C862FB7284EA}.Release|Any CPU.ActiveCfg = Release|Any CPU
		{E20C7AA3-911A-4CE3-AE55-C862FB7284EA}.Release|Any CPU.Build.0 = Release|Any CPU
		{BF0D32D8-D18B-4110-9062-BD503EABFF71}.Debug|Any CPU.ActiveCfg = Debug|Any CPU
		{BF0D32D8-D18B-4110-9062-BD503EABFF71}.Debug|Any CPU.Build.0 = Debug|Any CPU
		{BF0D32D8-D18B-4110-9062-BD503EABFF71}.Release|Any CPU.ActiveCfg = Release|Any CPU
		{BF0D32D8-D18B-4110-9062-BD503EABFF71}.Release|Any CPU.Build.0 = Release|Any CPU
		{EE638CE4-6145-41C0-8AD6-09E52C4A839B}.Debug|Any CPU.ActiveCfg = Debug|Any CPU
		{EE638CE4-6145-41C0-8AD6-09E52C4A839B}.Debug|Any CPU.Build.0 = Debug|Any CPU
		{EE638CE4-6145-41C0-8AD6-09E52C4A839B}.Release|Any CPU.ActiveCfg = Release|Any CPU
		{EE638CE4-6145-41C0-8AD6-09E52C4A839B}.Release|Any CPU.Build.0 = Release|Any CPU
		{CBBCF735-96A9-4D20-8112-5D680F4919AE}.Debug|Any CPU.ActiveCfg = Debug|Any CPU
		{CBBCF735-96A9-4D20-8112-5D680F4919AE}.Debug|Any CPU.Build.0 = Debug|Any CPU
		{CBBCF735-96A9-4D20-8112-5D680F4919AE}.Release|Any CPU.ActiveCfg = Release|Any CPU
		{CBBCF735-96A9-4D20-8112-5D680F4919AE}.Release|Any CPU.Build.0 = Release|Any CPU
		{3C3BC54B-7DA6-446B-8900-04422D0D2AB0}.Debug|Any CPU.ActiveCfg = Debug|Any CPU
		{3C3BC54B-7DA6-446B-8900-04422D0D2AB0}.Debug|Any CPU.Build.0 = Debug|Any CPU
		{3C3BC54B-7DA6-446B-8900-04422D0D2AB0}.Release|Any CPU.ActiveCfg = Release|Any CPU
		{3C3BC54B-7DA6-446B-8900-04422D0D2AB0}.Release|Any CPU.Build.0 = Release|Any CPU
		{EA45E62E-1C55-4C6D-8459-9489645E2FB1}.Debug|Any CPU.ActiveCfg = Debug|Any CPU
		{EA45E62E-1C55-4C6D-8459-9489645E2FB1}.Debug|Any CPU.Build.0 = Debug|Any CPU
		{EA45E62E-1C55-4C6D-8459-9489645E2FB1}.Release|Any CPU.ActiveCfg = Release|Any CPU
		{EA45E62E-1C55-4C6D-8459-9489645E2FB1}.Release|Any CPU.Build.0 = Release|Any CPU
		{0AA26D79-6768-40E6-ACA8-8C6D5740B581}.Debug|Any CPU.ActiveCfg = Debug|Any CPU
		{0AA26D79-6768-40E6-ACA8-8C6D5740B581}.Debug|Any CPU.Build.0 = Debug|Any CPU
		{0AA26D79-6768-40E6-ACA8-8C6D5740B581}.Release|Any CPU.ActiveCfg = Release|Any CPU
		{0AA26D79-6768-40E6-ACA8-8C6D5740B581}.Release|Any CPU.Build.0 = Release|Any CPU
		{F6A970F7-55E1-4828-8331-D32598BA93FF}.Debug|Any CPU.ActiveCfg = Debug|Any CPU
		{F6A970F7-55E1-4828-8331-D32598BA93FF}.Debug|Any CPU.Build.0 = Debug|Any CPU
		{F6A970F7-55E1-4828-8331-D32598BA93FF}.Release|Any CPU.ActiveCfg = Release|Any CPU
		{F6A970F7-55E1-4828-8331-D32598BA93FF}.Release|Any CPU.Build.0 = Release|Any CPU
		{EDAFB52B-6519-4501-98B3-D9B3F261F1F3}.Debug|Any CPU.ActiveCfg = Debug|Any CPU
		{EDAFB52B-6519-4501-98B3-D9B3F261F1F3}.Debug|Any CPU.Build.0 = Debug|Any CPU
		{EDAFB52B-6519-4501-98B3-D9B3F261F1F3}.Release|Any CPU.ActiveCfg = Release|Any CPU
		{EDAFB52B-6519-4501-98B3-D9B3F261F1F3}.Release|Any CPU.Build.0 = Release|Any CPU
		{160B85DD-C775-4D96-8A35-FC2C4A4133BE}.Debug|Any CPU.ActiveCfg = Debug|Any CPU
		{160B85DD-C775-4D96-8A35-FC2C4A4133BE}.Debug|Any CPU.Build.0 = Debug|Any CPU
		{160B85DD-C775-4D96-8A35-FC2C4A4133BE}.Release|Any CPU.ActiveCfg = Release|Any CPU
		{160B85DD-C775-4D96-8A35-FC2C4A4133BE}.Release|Any CPU.Build.0 = Release|Any CPU
		{47AA97B4-83A2-4F0C-ABDB-20A65C09F9C1}.Debug|Any CPU.ActiveCfg = Debug|Any CPU
		{47AA97B4-83A2-4F0C-ABDB-20A65C09F9C1}.Debug|Any CPU.Build.0 = Debug|Any CPU
		{47AA97B4-83A2-4F0C-ABDB-20A65C09F9C1}.Release|Any CPU.ActiveCfg = Release|Any CPU
		{47AA97B4-83A2-4F0C-ABDB-20A65C09F9C1}.Release|Any CPU.Build.0 = Release|Any CPU
		{10B076C9-2672-4637-85F9-7707C3130510}.Debug|Any CPU.ActiveCfg = Debug|Any CPU
		{10B076C9-2672-4637-85F9-7707C3130510}.Debug|Any CPU.Build.0 = Debug|Any CPU
		{10B076C9-2672-4637-85F9-7707C3130510}.Release|Any CPU.ActiveCfg = Release|Any CPU
		{10B076C9-2672-4637-85F9-7707C3130510}.Release|Any CPU.Build.0 = Release|Any CPU
		{9892E1F5-659A-48D2-93AE-1946122026EC}.Debug|Any CPU.ActiveCfg = Debug|Any CPU
		{9892E1F5-659A-48D2-93AE-1946122026EC}.Debug|Any CPU.Build.0 = Debug|Any CPU
		{9892E1F5-659A-48D2-93AE-1946122026EC}.Release|Any CPU.ActiveCfg = Release|Any CPU
		{9892E1F5-659A-48D2-93AE-1946122026EC}.Release|Any CPU.Build.0 = Release|Any CPU
		{43841638-BAF6-484C-8B22-D9ED2C6D4250}.Debug|Any CPU.ActiveCfg = Debug|Any CPU
		{43841638-BAF6-484C-8B22-D9ED2C6D4250}.Debug|Any CPU.Build.0 = Debug|Any CPU
		{43841638-BAF6-484C-8B22-D9ED2C6D4250}.Release|Any CPU.ActiveCfg = Release|Any CPU
		{43841638-BAF6-484C-8B22-D9ED2C6D4250}.Release|Any CPU.Build.0 = Release|Any CPU
		{BE0C6C44-5F3F-45E1-B76C-68502176865F}.Debug|Any CPU.ActiveCfg = Debug|Any CPU
		{BE0C6C44-5F3F-45E1-B76C-68502176865F}.Debug|Any CPU.Build.0 = Debug|Any CPU
		{BE0C6C44-5F3F-45E1-B76C-68502176865F}.Release|Any CPU.ActiveCfg = Release|Any CPU
		{BE0C6C44-5F3F-45E1-B76C-68502176865F}.Release|Any CPU.Build.0 = Release|Any CPU
		{E18061EE-41B8-48C3-881A-B94B40BC3080}.Debug|Any CPU.ActiveCfg = Debug|Any CPU
		{E18061EE-41B8-48C3-881A-B94B40BC3080}.Debug|Any CPU.Build.0 = Debug|Any CPU
		{E18061EE-41B8-48C3-881A-B94B40BC3080}.Release|Any CPU.ActiveCfg = Release|Any CPU
		{E18061EE-41B8-48C3-881A-B94B40BC3080}.Release|Any CPU.Build.0 = Release|Any CPU
		{48A10300-49C9-454F-9106-66FCFD1CF1F1}.Debug|Any CPU.ActiveCfg = Debug|Any CPU
		{48A10300-49C9-454F-9106-66FCFD1CF1F1}.Debug|Any CPU.Build.0 = Debug|Any CPU
		{48A10300-49C9-454F-9106-66FCFD1CF1F1}.Release|Any CPU.ActiveCfg = Release|Any CPU
		{48A10300-49C9-454F-9106-66FCFD1CF1F1}.Release|Any CPU.Build.0 = Release|Any CPU
		{BE1F910D-9834-48F2-94F5-251BDE874119}.Debug|Any CPU.ActiveCfg = Debug|Any CPU
		{BE1F910D-9834-48F2-94F5-251BDE874119}.Debug|Any CPU.Build.0 = Debug|Any CPU
		{BE1F910D-9834-48F2-94F5-251BDE874119}.Release|Any CPU.ActiveCfg = Release|Any CPU
		{BE1F910D-9834-48F2-94F5-251BDE874119}.Release|Any CPU.Build.0 = Release|Any CPU
		{AC2E2490-737F-4F40-9ED0-900E6393E3CE}.Debug|Any CPU.ActiveCfg = Debug|Any CPU
		{AC2E2490-737F-4F40-9ED0-900E6393E3CE}.Debug|Any CPU.Build.0 = Debug|Any CPU
		{AC2E2490-737F-4F40-9ED0-900E6393E3CE}.Release|Any CPU.ActiveCfg = Release|Any CPU
		{AC2E2490-737F-4F40-9ED0-900E6393E3CE}.Release|Any CPU.Build.0 = Release|Any CPU
		{52EB0ABE-293A-4BB0-9FE4-0751A7A7210E}.Debug|Any CPU.ActiveCfg = Debug|Any CPU
		{52EB0ABE-293A-4BB0-9FE4-0751A7A7210E}.Debug|Any CPU.Build.0 = Debug|Any CPU
		{52EB0ABE-293A-4BB0-9FE4-0751A7A7210E}.Release|Any CPU.ActiveCfg = Release|Any CPU
		{52EB0ABE-293A-4BB0-9FE4-0751A7A7210E}.Release|Any CPU.Build.0 = Release|Any CPU
		{D321DF8F-5091-46E1-B82A-838DAC07D81E}.Debug|Any CPU.ActiveCfg = Debug|Any CPU
		{D321DF8F-5091-46E1-B82A-838DAC07D81E}.Debug|Any CPU.Build.0 = Debug|Any CPU
		{D321DF8F-5091-46E1-B82A-838DAC07D81E}.Release|Any CPU.ActiveCfg = Release|Any CPU
		{D321DF8F-5091-46E1-B82A-838DAC07D81E}.Release|Any CPU.Build.0 = Release|Any CPU
		{F2B655CF-5376-4CFA-A5BF-E446E6269C3B}.Debug|Any CPU.ActiveCfg = Debug|Any CPU
		{F2B655CF-5376-4CFA-A5BF-E446E6269C3B}.Debug|Any CPU.Build.0 = Debug|Any CPU
		{F2B655CF-5376-4CFA-A5BF-E446E6269C3B}.Release|Any CPU.ActiveCfg = Release|Any CPU
		{F2B655CF-5376-4CFA-A5BF-E446E6269C3B}.Release|Any CPU.Build.0 = Release|Any CPU
		{44284AC2-F532-4DED-B9A3-C48B852DC521}.Debug|Any CPU.ActiveCfg = Debug|Any CPU
		{44284AC2-F532-4DED-B9A3-C48B852DC521}.Debug|Any CPU.Build.0 = Debug|Any CPU
		{44284AC2-F532-4DED-B9A3-C48B852DC521}.Release|Any CPU.ActiveCfg = Release|Any CPU
		{44284AC2-F532-4DED-B9A3-C48B852DC521}.Release|Any CPU.Build.0 = Release|Any CPU
		{7276AB90-6742-4D40-8F9A-D3BC75D1CBD7}.Debug|Any CPU.ActiveCfg = Debug|Any CPU
		{7276AB90-6742-4D40-8F9A-D3BC75D1CBD7}.Debug|Any CPU.Build.0 = Debug|Any CPU
		{7276AB90-6742-4D40-8F9A-D3BC75D1CBD7}.Release|Any CPU.ActiveCfg = Release|Any CPU
		{7276AB90-6742-4D40-8F9A-D3BC75D1CBD7}.Release|Any CPU.Build.0 = Release|Any CPU
	EndGlobalSection
	GlobalSection(SolutionProperties) = preSolution
		HideSolutionNode = FALSE
	EndGlobalSection
	GlobalSection(NestedProjects) = preSolution
		{44B0CDAB-1E82-4E3D-8C50-FE2AA9E83067} = {D375BBD4-7000-4E0F-9042-E8601819AD32}
		{7D80E0C9-CAB2-4CDB-8A7A-7E0D004B46D0} = {D375BBD4-7000-4E0F-9042-E8601819AD32}
		{E252C477-93F3-49BE-AD8B-E1CBA3987603} = {D375BBD4-7000-4E0F-9042-E8601819AD32}
		{410B3806-481F-4DDE-BF38-16E79FB8C60A} = {D375BBD4-7000-4E0F-9042-E8601819AD32}
		{867A417E-D667-4311-9EA8-9B794B955D01} = {D375BBD4-7000-4E0F-9042-E8601819AD32}
		{4796D7ED-D599-4C91-8D2E-C93D2C7F975B} = {D375BBD4-7000-4E0F-9042-E8601819AD32}
		{156656EB-20D9-45EC-85A1-AC805EA75F3C} = {D375BBD4-7000-4E0F-9042-E8601819AD32}
		{DAF14276-0A89-46AE-9B7B-0D2E8A997961} = {D375BBD4-7000-4E0F-9042-E8601819AD32}
		{9770B834-3C85-4912-A20B-0F496102EAC6} = {D375BBD4-7000-4E0F-9042-E8601819AD32}
		{2DD3D9D0-7E30-483A-8223-E5F5305B53D0} = {D375BBD4-7000-4E0F-9042-E8601819AD32}
		{9E526D2B-D682-4788-9A78-7CA743983F37} = {D375BBD4-7000-4E0F-9042-E8601819AD32}
		{6A33411E-33C2-4A7F-AE4B-7A6A7ABD27E7} = {D375BBD4-7000-4E0F-9042-E8601819AD32}
		{5E3B0ECF-24EC-40D2-B48A-2FF90B33D0E0} = {D375BBD4-7000-4E0F-9042-E8601819AD32}
		{7A491591-5FF9-425D-B380-919BD8D44AB9} = {D375BBD4-7000-4E0F-9042-E8601819AD32}
		{E20C7AA3-911A-4CE3-AE55-C862FB7284EA} = {D375BBD4-7000-4E0F-9042-E8601819AD32}
		{BF0D32D8-D18B-4110-9062-BD503EABFF71} = {D375BBD4-7000-4E0F-9042-E8601819AD32}
		{EE638CE4-6145-41C0-8AD6-09E52C4A839B} = {D375BBD4-7000-4E0F-9042-E8601819AD32}
		{CBBCF735-96A9-4D20-8112-5D680F4919AE} = {D375BBD4-7000-4E0F-9042-E8601819AD32}
		{3C3BC54B-7DA6-446B-8900-04422D0D2AB0} = {D375BBD4-7000-4E0F-9042-E8601819AD32}
		{EA45E62E-1C55-4C6D-8459-9489645E2FB1} = {D375BBD4-7000-4E0F-9042-E8601819AD32}
		{0AA26D79-6768-40E6-ACA8-8C6D5740B581} = {D375BBD4-7000-4E0F-9042-E8601819AD32}
		{F6A970F7-55E1-4828-8331-D32598BA93FF} = {D375BBD4-7000-4E0F-9042-E8601819AD32}
		{F8633579-BED8-4461-B0C3-68BB0E8591CD} = {D375BBD4-7000-4E0F-9042-E8601819AD32}
		{EDAFB52B-6519-4501-98B3-D9B3F261F1F3} = {F8633579-BED8-4461-B0C3-68BB0E8591CD}
		{160B85DD-C775-4D96-8A35-FC2C4A4133BE} = {F8633579-BED8-4461-B0C3-68BB0E8591CD}
		{47AA97B4-83A2-4F0C-ABDB-20A65C09F9C1} = {F8633579-BED8-4461-B0C3-68BB0E8591CD}
		{10B076C9-2672-4637-85F9-7707C3130510} = {F8633579-BED8-4461-B0C3-68BB0E8591CD}
		{9892E1F5-659A-48D2-93AE-1946122026EC} = {F8633579-BED8-4461-B0C3-68BB0E8591CD}
		{43841638-BAF6-484C-8B22-D9ED2C6D4250} = {F8633579-BED8-4461-B0C3-68BB0E8591CD}
		{BE0C6C44-5F3F-45E1-B76C-68502176865F} = {F8633579-BED8-4461-B0C3-68BB0E8591CD}
		{E18061EE-41B8-48C3-881A-B94B40BC3080} = {F8633579-BED8-4461-B0C3-68BB0E8591CD}
		{48A10300-49C9-454F-9106-66FCFD1CF1F1} = {F8633579-BED8-4461-B0C3-68BB0E8591CD}
		{BE1F910D-9834-48F2-94F5-251BDE874119} = {F8633579-BED8-4461-B0C3-68BB0E8591CD}
		{AC2E2490-737F-4F40-9ED0-900E6393E3CE} = {D375BBD4-7000-4E0F-9042-E8601819AD32}
		{52EB0ABE-293A-4BB0-9FE4-0751A7A7210E} = {D375BBD4-7000-4E0F-9042-E8601819AD32}
		{D321DF8F-5091-46E1-B82A-838DAC07D81E} = {D375BBD4-7000-4E0F-9042-E8601819AD32}
		{F2B655CF-5376-4CFA-A5BF-E446E6269C3B} = {D375BBD4-7000-4E0F-9042-E8601819AD32}
		{44284AC2-F532-4DED-B9A3-C48B852DC521} = {D375BBD4-7000-4E0F-9042-E8601819AD32}
		{7276AB90-6742-4D40-8F9A-D3BC75D1CBD7} = {F8633579-BED8-4461-B0C3-68BB0E8591CD}
	EndGlobalSection
	GlobalSection(ExtensibilityGlobals) = postSolution
		SolutionGuid = {A71F8FBD-1F0C-4BC3-B6ED-ACF70DC5AA84}
	EndGlobalSection
EndGlobal
