
Microsoft Visual Studio Solution File, Format Version 12.00
# Visual Studio 15
VisualStudioVersion = 15.0.27703.2000
MinimumVisualStudioVersion = 10.0.40219.1
Project("{FAE04EC0-301F-11D3-BF4B-00C04F79EFBC}") = "SigmaSW", "SigmaSW\SigmaSW.csproj", "{55A655AE-CD6C-4A8D-A8DA-2193F0580086}"
EndProject
Project("{2150E333-8FDC-42A3-9474-1A3956D46DE8}") = "week 1", "week 1", "{D375BBD4-7000-4E0F-9042-E8601819AD32}"
EndProject
Project("{FAE04EC0-301F-11D3-BF4B-00C04F79EFBC}") = "1.24", "1.24\1.24.csproj", "{44B0CDAB-1E82-4E3D-8C50-FE2AA9E83067}"
EndProject
Project("{FAE04EC0-301F-11D3-BF4B-00C04F79EFBC}") = "2.12", "2.12\2.12.csproj", "{7D80E0C9-CAB2-4CDB-8A7A-7E0D004B46D0}"
EndProject
Project("{FAE04EC0-301F-11D3-BF4B-00C04F79EFBC}") = "2.13", "2.13\2.13.csproj", "{E252C477-93F3-49BE-AD8B-E1CBA3987603}"
EndProject
Project("{FAE04EC0-301F-11D3-BF4B-00C04F79EFBC}") = "2.14", "2.14\2.14.csproj", "{410B3806-481F-4DDE-BF38-16E79FB8C60A}"
EndProject
Project("{FAE04EC0-301F-11D3-BF4B-00C04F79EFBC}") = "2.15", "2.15\2.15.csproj", "{867A417E-D667-4311-9EA8-9B794B955D01}"
EndProject
Project("{FAE04EC0-301F-11D3-BF4B-00C04F79EFBC}") = "2.16", "2.16\2.16.csproj", "{4796D7ED-D599-4C91-8D2E-C93D2C7F975B}"
EndProject
Project("{FAE04EC0-301F-11D3-BF4B-00C04F79EFBC}") = "2.17", "2.17\2.17.csproj", "{156656EB-20D9-45EC-85A1-AC805EA75F3C}"
EndProject
Project("{FAE04EC0-301F-11D3-BF4B-00C04F79EFBC}") = "2.18", "2.18\2.18.csproj", "{DAF14276-0A89-46AE-9B7B-0D2E8A997961}"
EndProject
Project("{FAE04EC0-301F-11D3-BF4B-00C04F79EFBC}") = "2.19", "2.19\2.19.csproj", "{9770B834-3C85-4912-A20B-0F496102EAC6}"
EndProject
Project("{FAE04EC0-301F-11D3-BF4B-00C04F79EFBC}") = "2.20", "2.20\2.20.csproj", "{2DD3D9D0-7E30-483A-8223-E5F5305B53D0}"
EndProject
Project("{FAE04EC0-301F-11D3-BF4B-00C04F79EFBC}") = "2.21", "2.21\2.21.csproj", "{9E526D2B-D682-4788-9A78-7CA743983F37}"
EndProject
Project("{FAE04EC0-301F-11D3-BF4B-00C04F79EFBC}") = "2.22", "2.22\2.22.csproj", "{6A33411E-33C2-4A7F-AE4B-7A6A7ABD27E7}"
EndProject
Project("{FAE04EC0-301F-11D3-BF4B-00C04F79EFBC}") = "2.23", "2.23\2.23.csproj", "{5E3B0ECF-24EC-40D2-B48A-2FF90B33D0E0}"
EndProject
Project("{FAE04EC0-301F-11D3-BF4B-00C04F79EFBC}") = "3.32", "3.32\3.32.csproj", "{7A491591-5FF9-425D-B380-919BD8D44AB9}"
EndProject
Project("{FAE04EC0-301F-11D3-BF4B-00C04F79EFBC}") = "3.33", "3.33\3.33.csproj", "{E20C7AA3-911A-4CE3-AE55-C862FB7284EA}"
EndProject
Project("{FAE04EC0-301F-11D3-BF4B-00C04F79EFBC}") = "4.1", "4.1\4.1.csproj", "{BF0D32D8-D18B-4110-9062-BD503EABFF71}"
EndProject
Project("{FAE04EC0-301F-11D3-BF4B-00C04F79EFBC}") = "4.3", "4.3\4.3.csproj", "{EE638CE4-6145-41C0-8AD6-09E52C4A839B}"
EndProject
Project("{FAE04EC0-301F-11D3-BF4B-00C04F79EFBC}") = "4.2", "4.2\4.2.csproj", "{CBBCF735-96A9-4D20-8112-5D680F4919AE}"
EndProject
Project("{FAE04EC0-301F-11D3-BF4B-00C04F79EFBC}") = "4.4", "4.4\4.4.csproj", "{3C3BC54B-7DA6-446B-8900-04422D0D2AB0}"
EndProject
Project("{FAE04EC0-301F-11D3-BF4B-00C04F79EFBC}") = "4.5", "4.5\4.5.csproj", "{EA45E62E-1C55-4C6D-8459-9489645E2FB1}"
EndProject
Project("{FAE04EC0-301F-11D3-BF4B-00C04F79EFBC}") = "4.37", "4.37\4.37.csproj", "{0AA26D79-6768-40E6-ACA8-8C6D5740B581}"
EndProject
Project("{FAE04EC0-301F-11D3-BF4B-00C04F79EFBC}") = "4.38", "4.38\4.38.csproj", "{F6A970F7-55E1-4828-8331-D32598BA93FF}"
EndProject
Project("{2150E333-8FDC-42A3-9474-1A3956D46DE8}") = "arrays", "arrays", "{F8633579-BED8-4461-B0C3-68BB0E8591CD}"
EndProject
Project("{FAE04EC0-301F-11D3-BF4B-00C04F79EFBC}") = "4.1 arrays", "4.1 arrays\4.1 arrays.csproj", "{EDAFB52B-6519-4501-98B3-D9B3F261F1F3}"
EndProject
Project("{FAE04EC0-301F-11D3-BF4B-00C04F79EFBC}") = "4.2 arrays", "4.2 arrays\4.2 arrays.csproj", "{160B85DD-C775-4D96-8A35-FC2C4A4133BE}"
EndProject
Project("{FAE04EC0-301F-11D3-BF4B-00C04F79EFBC}") = "4.3 arrays", "4.3 arrays\4.3 arrays.csproj", "{47AA97B4-83A2-4F0C-ABDB-20A65C09F9C1}"
EndProject
Project("{FAE04EC0-301F-11D3-BF4B-00C04F79EFBC}") = "4.4 arrays", "4.4 arrays\4.4 arrays.csproj", "{10B076C9-2672-4637-85F9-7707C3130510}"
EndProject
Project("{FAE04EC0-301F-11D3-BF4B-00C04F79EFBC}") = "4.5 arrays", "4.5 arrays\4.5 arrays.csproj", "{9892E1F5-659A-48D2-93AE-1946122026EC}"
EndProject
Project("{FAE04EC0-301F-11D3-BF4B-00C04F79EFBC}") = "4.6 arrays", "4.6\4.6 arrays.csproj", "{43841638-BAF6-484C-8B22-D9ED2C6D4250}"
EndProject
Project("{FAE04EC0-301F-11D3-BF4B-00C04F79EFBC}") = "4.7 arrays", "4.7 arrays\4.7 arrays.csproj", "{BE0C6C44-5F3F-45E1-B76C-68502176865F}"
EndProject
Project("{FAE04EC0-301F-11D3-BF4B-00C04F79EFBC}") = "4.8 arrays", "4.8 arrays\4.8 arrays.csproj", "{E18061EE-41B8-48C3-881A-B94B40BC3080}"
EndProject
Project("{FAE04EC0-301F-11D3-BF4B-00C04F79EFBC}") = "4.9 arrays", "4.9 arrays\4.9 arrays.csproj", "{48A10300-49C9-454F-9106-66FCFD1CF1F1}"
EndProject
Project("{FAE04EC0-301F-11D3-BF4B-00C04F79EFBC}") = "4.10 arrays", "4.10 arrays\4.10 arrays.csproj", "{BE1F910D-9834-48F2-94F5-251BDE874119}"
EndProject
Project("{FAE04EC0-301F-11D3-BF4B-00C04F79EFBC}") = "4.39", "4.39\4.39.csproj", "{AC2E2490-737F-4F40-9ED0-900E6393E3CE}"
EndProject
Project("{FAE04EC0-301F-11D3-BF4B-00C04F79EFBC}") = "4.40", "4.40\4.40.csproj", "{52EB0ABE-293A-4BB0-9FE4-0751A7A7210E}"
EndProject
Project("{FAE04EC0-301F-11D3-BF4B-00C04F79EFBC}") = "4.41", "4.41\4.41.csproj", "{D321DF8F-5091-46E1-B82A-838DAC07D81E}"
EndProject
Project("{FAE04EC0-301F-11D3-BF4B-00C04F79EFBC}") = "4.42", "4.42\4.42.csproj", "{F2B655CF-5376-4CFA-A5BF-E446E6269C3B}"
EndProject
Project("{FAE04EC0-301F-11D3-BF4B-00C04F79EFBC}") = "4.68", "4.68\4.68.csproj", "{44284AC2-F532-4DED-B9A3-C48B852DC521}"
EndProject
Project("{FAE04EC0-301F-11D3-BF4B-00C04F79EFBC}") = "4.11 arrays", "4.11 arrays\4.11 arrays.csproj", "{7276AB90-6742-4D40-8F9A-D3BC75D1CBD7}"
EndProject
Project("{FAE04EC0-301F-11D3-BF4B-00C04F79EFBC}") = "8.3", "8.3\8.3.csproj", "{66E9A1A9-FC40-40C0-B092-59D23671DF72}"
EndProject
Project("{FAE04EC0-301F-11D3-BF4B-00C04F79EFBC}") = "8.4", "8.4\8.4.csproj", "{EC9D4888-4554-4281-A339-2F4B705AD5CE}"
EndProject
Project("{FAE04EC0-301F-11D3-BF4B-00C04F79EFBC}") = "8.5", "8.5\8.5.csproj", "{D2FA8D40-ADEF-4DA6-BC0F-AF313E940694}"
EndProject
Project("{FAE04EC0-301F-11D3-BF4B-00C04F79EFBC}") = "8.6", "8.6\8.6.csproj", "{B190D19F-32E5-4D4A-9A49-21E28D7DD27F}"
EndProject
Project("{FAE04EC0-301F-11D3-BF4B-00C04F79EFBC}") = "8.7", "8.7\8.7.csproj", "{EEA88C12-96BF-4F36-A224-B1FCFAFF702B}"
EndProject
Project("{FAE04EC0-301F-11D3-BF4B-00C04F79EFBC}") = "8.8", "8.8\8.8.csproj", "{A9E7F649-07DC-47BD-9236-9DB4476F85E1}"
EndProject
Project("{FAE04EC0-301F-11D3-BF4B-00C04F79EFBC}") = "ListOnArray", "ListOnArray\ListOnArray.csproj", "{012F8743-8D75-47CC-8D97-F1D6B218EAA3}"
EndProject
Project("{FAE04EC0-301F-11D3-BF4B-00C04F79EFBC}") = "4.85", "4.85\4.85.csproj", "{0FF85246-1891-4855-A996-74BA4D8448B2}"
EndProject
Project("{FAE04EC0-301F-11D3-BF4B-00C04F79EFBC}") = "4.86", "4.86\4.86.csproj", "{A4260704-7983-4893-8784-DA1E9EA10977}"
EndProject
Project("{FAE04EC0-301F-11D3-BF4B-00C04F79EFBC}") = "4.87", "4.87\4.87.csproj", "{855D3BFF-3CBF-4F8A-80DE-6CEFADDEEC9F}"
EndProject
Project("{FAE04EC0-301F-11D3-BF4B-00C04F79EFBC}") = "4.88", "4.88\4.88.csproj", "{39512BA7-1A33-40FA-A928-C68D69B04904}"
EndProject
Project("{FAE04EC0-301F-11D3-BF4B-00C04F79EFBC}") = "4.89", "4.89\4.89.csproj", "{3083E9F1-5D29-45A2-B387-420DE0F7A936}"
EndProject
Project("{FAE04EC0-301F-11D3-BF4B-00C04F79EFBC}") = "4.90", "4.90\4.90.csproj", "{DC67BD47-D502-4016-83F2-DBD12B31F92A}"
EndProject
Project("{FAE04EC0-301F-11D3-BF4B-00C04F79EFBC}") = "4.91", "4.91\4.91.csproj", "{9B82CCBD-7F75-4E12-A2F5-45F87FBE07E0}"
EndProject
Project("{FAE04EC0-301F-11D3-BF4B-00C04F79EFBC}") = "4.92", "4.92\4.92.csproj", "{F9B88486-2CB1-44DD-86F3-DDF16DEDBFE3}"
EndProject
Project("{FAE04EC0-301F-11D3-BF4B-00C04F79EFBC}") = "4.93", "4.93\4.93.csproj", "{A69A43BF-08C8-441B-A226-5779C2A5A8F7}"
EndProject
Project("{FAE04EC0-301F-11D3-BF4B-00C04F79EFBC}") = "5.13", "5.13\5.13.csproj", "{722B95C7-7262-499C-89BB-8E53360BF7BC}"
EndProject
Project("{FAE04EC0-301F-11D3-BF4B-00C04F79EFBC}") = "5.14", "5.14\5.14.csproj", "{C3A475C5-47E3-48BB-B177-DC5DB7E5B80F}"
EndProject
Project("{FAE04EC0-301F-11D3-BF4B-00C04F79EFBC}") = "5.15", "5.15\5.15.csproj", "{FE46594F-309E-4363-9631-3B395DC082E5}"
EndProject
Project("{FAE04EC0-301F-11D3-BF4B-00C04F79EFBC}") = "5.27", "5.27\5.27.csproj", "{EA45467C-7327-41DB-8FAA-024C32362BDA}"
EndProject
Project("{FAE04EC0-301F-11D3-BF4B-00C04F79EFBC}") = "5.28", "5.28\5.28.csproj", "{12ECB402-8EDC-49A6-BC4B-9F1E112E095D}"
EndProject
Project("{FAE04EC0-301F-11D3-BF4B-00C04F79EFBC}") = "5.29", "5.29\5.29.csproj", "{731AF598-EF5E-496F-AC19-7A75DE3EB765}"
EndProject
Project("{FAE04EC0-301F-11D3-BF4B-00C04F79EFBC}") = "5.30", "5.30\5.30.csproj", "{4C7F82BC-D9EF-44E5-998E-6DC9AEFC3A19}"
EndProject
Project("{FAE04EC0-301F-11D3-BF4B-00C04F79EFBC}") = "5.31", "5.31\5.31.csproj", "{A4434F99-FE8B-40CE-826A-8916428268AF}"
EndProject
Project("{FAE04EC0-301F-11D3-BF4B-00C04F79EFBC}") = "5.32", "5.32\5.32.csproj", "{42B56637-92B1-4D8F-B9F2-A7574CAC70C4}"
EndProject
Project("{FAE04EC0-301F-11D3-BF4B-00C04F79EFBC}") = "5.33", "5.33\5.33.csproj", "{BAF26633-25EF-4006-AEF2-2B5B67593484}"
EndProject
Project("{FAE04EC0-301F-11D3-BF4B-00C04F79EFBC}") = "5.34", "5.34\5.34.csproj", "{70BEEB88-7ABC-4CCB-807C-2CBAAE7D6477}"
EndProject
Project("{FAE04EC0-301F-11D3-BF4B-00C04F79EFBC}") = "5.35", "5.35\5.35.csproj", "{EFD3F5CA-4F2C-41DB-A604-F963AE4576C3}"
EndProject
Project("{FAE04EC0-301F-11D3-BF4B-00C04F79EFBC}") = "5.36", "5.36\5.36.csproj", "{6123D097-5DCD-4838-9754-F624A89CC0D0}"
EndProject
Project("{FAE04EC0-301F-11D3-BF4B-00C04F79EFBC}") = "5.37", "5.37\5.37.csproj", "{CFE6246D-BD02-49E5-A744-72F472BDD15E}"
EndProject
Project("{FAE04EC0-301F-11D3-BF4B-00C04F79EFBC}") = "5.40", "5.40\5.40.csproj", "{E6242D9F-2ADF-4029-83B5-C66C0F39B53F}"
EndProject
Project("{FAE04EC0-301F-11D3-BF4B-00C04F79EFBC}") = "5.41", "5.41\5.41.csproj", "{3081AAFD-29F5-4B09-BE25-033B1B24AD8F}"
EndProject
Project("{FAE04EC0-301F-11D3-BF4B-00C04F79EFBC}") = "5.66", "5.66\5.66.csproj", "{2A4C578F-431B-431E-899B-1436B39AF0DD}"
EndProject
Project("{FAE04EC0-301F-11D3-BF4B-00C04F79EFBC}") = "5.67", "5.67\5.67.csproj", "{6FF8D261-B36F-4517-B19F-CA1757D5CADF}"
EndProject
Project("{FAE04EC0-301F-11D3-BF4B-00C04F79EFBC}") = "5.68", "5.68\5.68.csproj", "{71268694-56DF-403D-A913-A44D32A20014}"
EndProject
Project("{FAE04EC0-301F-11D3-BF4B-00C04F79EFBC}") = "5.81", "5.81\5.81.csproj", "{FD7044AB-02A0-49EF-A92A-5C30970E1872}"
EndProject
Project("{FAE04EC0-301F-11D3-BF4B-00C04F79EFBC}") = "5.82", "5.82\5.82.csproj", "{4262EF32-58EE-4540-9F1F-CD4A9815D4AA}"
EndProject
Project("{FAE04EC0-301F-11D3-BF4B-00C04F79EFBC}") = "5.83", "5.83\5.83.csproj", "{70118CFE-30A1-4ED0-B36C-0C9A0103C331}"
EndProject
Project("{FAE04EC0-301F-11D3-BF4B-00C04F79EFBC}") = "6.10", "6.10\6.10.csproj", "{93951166-497C-46EE-B86D-CD95E5718BF6}"
EndProject
Project("{FAE04EC0-301F-11D3-BF4B-00C04F79EFBC}") = "6.11", "6.11\6.11.csproj", "{40B8BCBE-5385-4FA3-BBF6-44CCA5C89E43}"
EndProject
Project("{FAE04EC0-301F-11D3-BF4B-00C04F79EFBC}") = "6.12", "6.12\6.12.csproj", "{9A2B22B1-3725-4CF2-B1C9-6D99C1B38B73}"
EndProject
Project("{FAE04EC0-301F-11D3-BF4B-00C04F79EFBC}") = "6.33", "6.33\6.33.csproj", "{F680BD57-A50A-44A5-AC1E-C3B01BB85D04}"
EndProject
Project("{FAE04EC0-301F-11D3-BF4B-00C04F79EFBC}") = "6.91", "6.91\6.91.csproj", "{FF5ED833-20EB-4D5A-BE45-9A992D6866A9}"
EndProject
Project("{FAE04EC0-301F-11D3-BF4B-00C04F79EFBC}") = "8.1", "8.1\8.1.csproj", "{251A37A5-96D9-4798-827B-C9489F124A26}"
EndProject
Project("{FAE04EC0-301F-11D3-BF4B-00C04F79EFBC}") = "8.2", "8,2\8.2.csproj", "{6AACE8C7-AB36-4F02-BE71-46E3484DB0C6}"
EndProject
Project("{FAE04EC0-301F-11D3-BF4B-00C04F79EFBC}") = "8.36", "8.36\8.36.csproj", "{D3AF1F1C-F72F-417C-87BE-E3D32AA1CED3}"
EndProject
Project("{FAE04EC0-301F-11D3-BF4B-00C04F79EFBC}") = "9.100", "9.100\9.100.csproj", "{F07BAC67-5DFC-476F-BE8A-655584D00F73}"
EndProject
Project("{FAE04EC0-301F-11D3-BF4B-00C04F79EFBC}") = "9.101", "9.101\9.101.csproj", "{36B4E92A-AF49-4E18-8CD4-A4A7E188F902}"
EndProject
Project("{FAE04EC0-301F-11D3-BF4B-00C04F79EFBC}") = "9.103", "9.103\9.103.csproj", "{353CF68D-4497-45B8-99BD-1BD570B7E44C}"
EndProject
Project("{FAE04EC0-301F-11D3-BF4B-00C04F79EFBC}") = "9.104", "9.104\9.104.csproj", "{C553EB2B-C28D-4FF0-ADE0-B01B5A21ECB2}"
EndProject
Project("{FAE04EC0-301F-11D3-BF4B-00C04F79EFBC}") = "9.138", "9.138\9.138.csproj", "{9513059D-EABF-4E7A-8456-29029AEA57CA}"
EndProject
Project("{FAE04EC0-301F-11D3-BF4B-00C04F79EFBC}") = "9.139", "9.139\9.139.csproj", "{AAC86433-3D6C-4FF2-A520-F135D944CAC1}"
EndProject
Project("{FAE04EC0-301F-11D3-BF4B-00C04F79EFBC}") = "9.140", "9.140\9.140.csproj", "{5FD9BA81-2BE2-4D1F-AE44-7BE454DE2B50}"
EndProject
Project("{FAE04EC0-301F-11D3-BF4B-00C04F79EFBC}") = "9.141", "9.141\9.141.csproj", "{2E93A064-E8B0-4471-B546-6ED9D2AE2C74}"
EndProject
Project("{FAE04EC0-301F-11D3-BF4B-00C04F79EFBC}") = "9.142", "9.142\9.142.csproj", "{9CEED04D-0C05-4FE0-AEFB-5260F4CDD727}"
EndProject
Project("{FAE04EC0-301F-11D3-BF4B-00C04F79EFBC}") = "9.143", "9.143\9.143.csproj", "{8A980D36-BC85-4476-B62F-97ED2950A643}"
EndProject
Project("{FAE04EC0-301F-11D3-BF4B-00C04F79EFBC}") = "9.152", "9.152\9.152.csproj", "{D434EBE6-D1FB-46CA-B853-5BC1DC6E58AA}"
EndProject
Project("{FAE04EC0-301F-11D3-BF4B-00C04F79EFBC}") = "9.153", "9.153\9.153.csproj", "{BBC7B886-407B-4451-962F-059C1D7C2497}"
EndProject
Project("{FAE04EC0-301F-11D3-BF4B-00C04F79EFBC}") = "9.154", "9.154\9.154.csproj", "{173CC1E5-FC02-4194-AB21-54163C7734B2}"
EndProject
Project("{FAE04EC0-301F-11D3-BF4B-00C04F79EFBC}") = "9.155", "9.155\9.155.csproj", "{633248D1-495C-41A8-BE19-011570A615DA}"
EndProject
Project("{FAE04EC0-301F-11D3-BF4B-00C04F79EFBC}") = "9.41", "9.41\9.41.csproj", "{3FC66C51-1CB7-419B-AE39-25FCEED4423A}"
EndProject
Project("{FAE04EC0-301F-11D3-BF4B-00C04F79EFBC}") = "9.42", "9.42\9.42.csproj", "{F03E9F27-B10C-411E-A0D1-FF8F61E31D9A}"
EndProject
Project("{FAE04EC0-301F-11D3-BF4B-00C04F79EFBC}") = "9.43", "9.43\9.43.csproj", "{C6AA2F40-9742-4BCD-85FA-FAFD0140F9FE}"
EndProject
Project("{FAE04EC0-301F-11D3-BF4B-00C04F79EFBC}") = "9.44", "9.44\9.44.csproj", "{0C2EBF80-C852-4941-9DB3-92D595D340A4}"
EndProject
Project("{FAE04EC0-301F-11D3-BF4B-00C04F79EFBC}") = "9.45", "9.45\9.45.csproj", "{A542EF60-1CCD-42E8-B1DF-F37CA2C3F8EE}"
EndProject
Project("{FAE04EC0-301F-11D3-BF4B-00C04F79EFBC}") = "9.46", "9.46\9.46.csproj", "{925FBAED-1C27-4B47-B285-DE2700C28132}"
EndProject
Project("{FAE04EC0-301F-11D3-BF4B-00C04F79EFBC}") = "9.47", "9.47\9.47.csproj", "{D42BCCB1-5D2C-4F61-8EC8-ED5CCA93366C}"
EndProject
Project("{FAE04EC0-301F-11D3-BF4B-00C04F79EFBC}") = "9.48", "9.48\9.48.csproj", "{536A3B7C-7A8C-4EDC-A65D-BD7EFB51FF51}"
EndProject
Project("{FAE04EC0-301F-11D3-BF4B-00C04F79EFBC}") = "9.49", "9.49\9.49.csproj", "{FC59D224-42AF-4F18-803A-855DAB61BB4A}"
EndProject
Project("{FAE04EC0-301F-11D3-BF4B-00C04F79EFBC}") = "9.50", "9.50\9.50.csproj", "{4FCA1A97-0A9E-4DAE-A94E-2926D2023DD2}"
EndProject
Project("{FAE04EC0-301F-11D3-BF4B-00C04F79EFBC}") = "9.51", "9.51\9.51.csproj", "{14A36559-B5EB-4CA6-A105-6A474BD3D254}"
EndProject
Project("{FAE04EC0-301F-11D3-BF4B-00C04F79EFBC}") = "9.52", "9.52\9.52.csproj", "{B16B3C6E-2462-4868-8943-4E72E81056CA}"
EndProject
Project("{FAE04EC0-301F-11D3-BF4B-00C04F79EFBC}") = "9.53", "9.53\9.53.csproj", "{AC683FDB-5726-4C26-ADF2-ADB59F43C4FC}"
EndProject
Project("{FAE04EC0-301F-11D3-BF4B-00C04F79EFBC}") = "9.54", "9.54\9.54.csproj", "{FC726200-9C3B-4EAF-B26D-3B05E65F89C3}"
EndProject
Project("{FAE04EC0-301F-11D3-BF4B-00C04F79EFBC}") = "9.55", "9.55\9.55.csproj", "{C80CE8D9-ADA1-45D0-807F-C3490D79AB65}"
EndProject
Project("{FAE04EC0-301F-11D3-BF4B-00C04F79EFBC}") = "9.56", "9.56\9.56.csproj", "{9C5E412F-72D7-417B-89E8-A477071EC364}"
EndProject
Project("{FAE04EC0-301F-11D3-BF4B-00C04F79EFBC}") = "9.57", "9.57\9.57.csproj", "{BC5E26DD-F694-4AA0-9D64-C3B7063BCA89}"
EndProject
Project("{FAE04EC0-301F-11D3-BF4B-00C04F79EFBC}") = "9.58", "9.58\9.58.csproj", "{EB95CD57-4587-42D5-BAF6-1C9E76C1B4E4}"
EndProject
Project("{FAE04EC0-301F-11D3-BF4B-00C04F79EFBC}") = "9.59", "9.59\9.59.csproj", "{B9674265-567E-4A70-8FA4-7AC71EEC6A34}"
EndProject
Project("{FAE04EC0-301F-11D3-BF4B-00C04F79EFBC}") = "9.60", "9.60\9.60.csproj", "{F9041E3B-7806-463A-83C3-FEB8AA17339B}"
EndProject
Project("{FAE04EC0-301F-11D3-BF4B-00C04F79EFBC}") = "9.61", "9.61\9.61.csproj", "{F42465A7-7122-427C-AF8C-CDB5A2844E1B}"
EndProject
Project("{FAE04EC0-301F-11D3-BF4B-00C04F79EFBC}") = "9.62", "9.62\9.62.csproj", "{703AC049-3AC6-417D-A182-0EA9DA104412}"
EndProject
Project("{FAE04EC0-301F-11D3-BF4B-00C04F79EFBC}") = "9.63", "9.63\9.63.csproj", "{DD8CA019-DC63-4C5C-91B2-77B09F35958C}"
EndProject
Project("{FAE04EC0-301F-11D3-BF4B-00C04F79EFBC}") = "9.64", "9.64\9.64.csproj", "{863DE014-BCC9-4567-9A4E-E3D5F6F4023E}"
EndProject
Project("{FAE04EC0-301F-11D3-BF4B-00C04F79EFBC}") = "9.65", "9.65\9.65.csproj", "{F3186B23-EBE8-45C4-BC33-CD30F1E30EB0}"
EndProject
Project("{FAE04EC0-301F-11D3-BF4B-00C04F79EFBC}") = "9.66", "9.66\9.66.csproj", "{97E6AE19-435A-4F4B-A5AE-2CCA48D7DF5E}"
EndProject
Project("{FAE04EC0-301F-11D3-BF4B-00C04F79EFBC}") = "9.67", "9.67\9.67.csproj", "{8EEB57D7-4068-4839-A296-863D083AA166}"
EndProject
Project("{FAE04EC0-301F-11D3-BF4B-00C04F79EFBC}") = "9.68", "9.68\9.68.csproj", "{642C95A7-2A53-46B6-B133-E7A4E906B2BC}"
EndProject
Project("{FAE04EC0-301F-11D3-BF4B-00C04F79EFBC}") = "9.69", "9ю69\9.69.csproj", "{83D4A649-6F4A-4FE7-A1CD-D6692D3771E4}"
EndProject
Project("{FAE04EC0-301F-11D3-BF4B-00C04F79EFBC}") = "9.70", "9.70\9.70.csproj", "{27995674-18C1-48CF-A55F-0DD518D72C82}"
EndProject
Project("{FAE04EC0-301F-11D3-BF4B-00C04F79EFBC}") = "9.71", "9.71\9.71.csproj", "{46282645-473A-4D53-8D79-61989DDC41B1}"
EndProject
Project("{FAE04EC0-301F-11D3-BF4B-00C04F79EFBC}") = "9.72", "9ю72\9.72.csproj", "{7DB86C27-EF14-47AE-BDB2-96881EC0F17C}"
EndProject
Project("{FAE04EC0-301F-11D3-BF4B-00C04F79EFBC}") = "9.73", "9.73\9.73.csproj", "{5C9EE48A-1A13-481F-9028-00E18F436C0C}"
EndProject
Project("{FAE04EC0-301F-11D3-BF4B-00C04F79EFBC}") = "9.74", "9.74\9.74.csproj", "{27B03CDD-33AD-4E7A-B712-A298D61F6D55}"
EndProject
Project("{FAE04EC0-301F-11D3-BF4B-00C04F79EFBC}") = "9.75", "9.75\9.75.csproj", "{2EF83B5B-8F7B-41E4-BF04-3BCD79A014D3}"
EndProject
Project("{FAE04EC0-301F-11D3-BF4B-00C04F79EFBC}") = "9.76", "9.76\9.76.csproj", "{8B5D3F79-123D-41A0-BC79-1282C6D67845}"
EndProject
Project("{FAE04EC0-301F-11D3-BF4B-00C04F79EFBC}") = "9.77", "9.77\9.77.csproj", "{BF42F980-86A8-493F-9209-FD368B657828}"
EndProject
Project("{FAE04EC0-301F-11D3-BF4B-00C04F79EFBC}") = "9.78", "9.78\9.78.csproj", "{62925A73-3B96-4097-9E72-66643803D362}"
EndProject
Project("{FAE04EC0-301F-11D3-BF4B-00C04F79EFBC}") = "9.90", "9.79\9.90.csproj", "{B7785060-0978-4807-9B37-4BB3BD6D8E46}"
EndProject
Project("{FAE04EC0-301F-11D3-BF4B-00C04F79EFBC}") = "9.91", "9.91\9.91.csproj", "{EB27B25F-C85C-4918-9643-699C7FF84E89}"
EndProject
Project("{FAE04EC0-301F-11D3-BF4B-00C04F79EFBC}") = "9.92", "9.92\9.92.csproj", "{428735F9-111E-4A82-B685-07EFBFAB7167}"
EndProject
Project("{FAE04EC0-301F-11D3-BF4B-00C04F79EFBC}") = "9.93", "9.93\9.93.csproj", "{0E098994-2EEE-439B-B77F-00B8A9B08C1C}"
EndProject
Project("{FAE04EC0-301F-11D3-BF4B-00C04F79EFBC}") = "9.94", "9.94\9.94.csproj", "{EE998DF9-40A1-49AE-A289-2627993EE7CC}"
EndProject
Project("{FAE04EC0-301F-11D3-BF4B-00C04F79EFBC}") = "9.95", "9.95\9.95.csproj", "{3E8F370B-BF41-417F-A91B-900FA38699F5}"
EndProject
Project("{FAE04EC0-301F-11D3-BF4B-00C04F79EFBC}") = "9.96", "9.96\9.96.csproj", "{361607DA-6251-47FE-97BE-C5A1B779B491}"
EndProject
Project("{FAE04EC0-301F-11D3-BF4B-00C04F79EFBC}") = "9.97", "9.97\9.97.csproj", "{1FD878DF-E304-4217-90CF-17CE946275A9}"
EndProject
Project("{FAE04EC0-301F-11D3-BF4B-00C04F79EFBC}") = "9.98", "9.98\9.98.csproj", "{6539ECF7-1B9A-4A31-84C3-A80CFC1329E1}"
EndProject
Project("{FAE04EC0-301F-11D3-BF4B-00C04F79EFBC}") = "9.99", "9.99\9.99.csproj", "{8DDD5706-4FC7-43DA-9151-6BD0BA8A7C20}"
EndProject
Project("{FAE04EC0-301F-11D3-BF4B-00C04F79EFBC}") = "Sort", "quickSort\Sort.csproj", "{818031B4-73A1-4000-A241-EB30C5EBEEBD}"
EndProject
Global
	GlobalSection(SolutionConfigurationPlatforms) = preSolution
		Debug|Any CPU = Debug|Any CPU
		Release|Any CPU = Release|Any CPU
	EndGlobalSection
	GlobalSection(ProjectConfigurationPlatforms) = postSolution
		{55A655AE-CD6C-4A8D-A8DA-2193F0580086}.Debug|Any CPU.ActiveCfg = Debug|Any CPU
		{55A655AE-CD6C-4A8D-A8DA-2193F0580086}.Debug|Any CPU.Build.0 = Debug|Any CPU
		{55A655AE-CD6C-4A8D-A8DA-2193F0580086}.Release|Any CPU.ActiveCfg = Release|Any CPU
		{55A655AE-CD6C-4A8D-A8DA-2193F0580086}.Release|Any CPU.Build.0 = Release|Any CPU
		{44B0CDAB-1E82-4E3D-8C50-FE2AA9E83067}.Debug|Any CPU.ActiveCfg = Debug|Any CPU
		{44B0CDAB-1E82-4E3D-8C50-FE2AA9E83067}.Debug|Any CPU.Build.0 = Debug|Any CPU
		{44B0CDAB-1E82-4E3D-8C50-FE2AA9E83067}.Release|Any CPU.ActiveCfg = Release|Any CPU
		{44B0CDAB-1E82-4E3D-8C50-FE2AA9E83067}.Release|Any CPU.Build.0 = Release|Any CPU
		{7D80E0C9-CAB2-4CDB-8A7A-7E0D004B46D0}.Debug|Any CPU.ActiveCfg = Debug|Any CPU
		{7D80E0C9-CAB2-4CDB-8A7A-7E0D004B46D0}.Debug|Any CPU.Build.0 = Debug|Any CPU
		{7D80E0C9-CAB2-4CDB-8A7A-7E0D004B46D0}.Release|Any CPU.ActiveCfg = Release|Any CPU
		{7D80E0C9-CAB2-4CDB-8A7A-7E0D004B46D0}.Release|Any CPU.Build.0 = Release|Any CPU
		{E252C477-93F3-49BE-AD8B-E1CBA3987603}.Debug|Any CPU.ActiveCfg = Debug|Any CPU
		{E252C477-93F3-49BE-AD8B-E1CBA3987603}.Debug|Any CPU.Build.0 = Debug|Any CPU
		{E252C477-93F3-49BE-AD8B-E1CBA3987603}.Release|Any CPU.ActiveCfg = Release|Any CPU
		{E252C477-93F3-49BE-AD8B-E1CBA3987603}.Release|Any CPU.Build.0 = Release|Any CPU
		{410B3806-481F-4DDE-BF38-16E79FB8C60A}.Debug|Any CPU.ActiveCfg = Debug|Any CPU
		{410B3806-481F-4DDE-BF38-16E79FB8C60A}.Debug|Any CPU.Build.0 = Debug|Any CPU
		{410B3806-481F-4DDE-BF38-16E79FB8C60A}.Release|Any CPU.ActiveCfg = Release|Any CPU
		{410B3806-481F-4DDE-BF38-16E79FB8C60A}.Release|Any CPU.Build.0 = Release|Any CPU
		{867A417E-D667-4311-9EA8-9B794B955D01}.Debug|Any CPU.ActiveCfg = Debug|Any CPU
		{867A417E-D667-4311-9EA8-9B794B955D01}.Debug|Any CPU.Build.0 = Debug|Any CPU
		{867A417E-D667-4311-9EA8-9B794B955D01}.Release|Any CPU.ActiveCfg = Release|Any CPU
		{867A417E-D667-4311-9EA8-9B794B955D01}.Release|Any CPU.Build.0 = Release|Any CPU
		{4796D7ED-D599-4C91-8D2E-C93D2C7F975B}.Debug|Any CPU.ActiveCfg = Debug|Any CPU
		{4796D7ED-D599-4C91-8D2E-C93D2C7F975B}.Debug|Any CPU.Build.0 = Debug|Any CPU
		{4796D7ED-D599-4C91-8D2E-C93D2C7F975B}.Release|Any CPU.ActiveCfg = Release|Any CPU
		{4796D7ED-D599-4C91-8D2E-C93D2C7F975B}.Release|Any CPU.Build.0 = Release|Any CPU
		{156656EB-20D9-45EC-85A1-AC805EA75F3C}.Debug|Any CPU.ActiveCfg = Debug|Any CPU
		{156656EB-20D9-45EC-85A1-AC805EA75F3C}.Debug|Any CPU.Build.0 = Debug|Any CPU
		{156656EB-20D9-45EC-85A1-AC805EA75F3C}.Release|Any CPU.ActiveCfg = Release|Any CPU
		{156656EB-20D9-45EC-85A1-AC805EA75F3C}.Release|Any CPU.Build.0 = Release|Any CPU
		{DAF14276-0A89-46AE-9B7B-0D2E8A997961}.Debug|Any CPU.ActiveCfg = Debug|Any CPU
		{DAF14276-0A89-46AE-9B7B-0D2E8A997961}.Debug|Any CPU.Build.0 = Debug|Any CPU
		{DAF14276-0A89-46AE-9B7B-0D2E8A997961}.Release|Any CPU.ActiveCfg = Release|Any CPU
		{DAF14276-0A89-46AE-9B7B-0D2E8A997961}.Release|Any CPU.Build.0 = Release|Any CPU
		{9770B834-3C85-4912-A20B-0F496102EAC6}.Debug|Any CPU.ActiveCfg = Debug|Any CPU
		{9770B834-3C85-4912-A20B-0F496102EAC6}.Debug|Any CPU.Build.0 = Debug|Any CPU
		{9770B834-3C85-4912-A20B-0F496102EAC6}.Release|Any CPU.ActiveCfg = Release|Any CPU
		{9770B834-3C85-4912-A20B-0F496102EAC6}.Release|Any CPU.Build.0 = Release|Any CPU
		{2DD3D9D0-7E30-483A-8223-E5F5305B53D0}.Debug|Any CPU.ActiveCfg = Debug|Any CPU
		{2DD3D9D0-7E30-483A-8223-E5F5305B53D0}.Debug|Any CPU.Build.0 = Debug|Any CPU
		{2DD3D9D0-7E30-483A-8223-E5F5305B53D0}.Release|Any CPU.ActiveCfg = Release|Any CPU
		{2DD3D9D0-7E30-483A-8223-E5F5305B53D0}.Release|Any CPU.Build.0 = Release|Any CPU
		{9E526D2B-D682-4788-9A78-7CA743983F37}.Debug|Any CPU.ActiveCfg = Debug|Any CPU
		{9E526D2B-D682-4788-9A78-7CA743983F37}.Debug|Any CPU.Build.0 = Debug|Any CPU
		{9E526D2B-D682-4788-9A78-7CA743983F37}.Release|Any CPU.ActiveCfg = Release|Any CPU
		{9E526D2B-D682-4788-9A78-7CA743983F37}.Release|Any CPU.Build.0 = Release|Any CPU
		{6A33411E-33C2-4A7F-AE4B-7A6A7ABD27E7}.Debug|Any CPU.ActiveCfg = Debug|Any CPU
		{6A33411E-33C2-4A7F-AE4B-7A6A7ABD27E7}.Debug|Any CPU.Build.0 = Debug|Any CPU
		{6A33411E-33C2-4A7F-AE4B-7A6A7ABD27E7}.Release|Any CPU.ActiveCfg = Release|Any CPU
		{6A33411E-33C2-4A7F-AE4B-7A6A7ABD27E7}.Release|Any CPU.Build.0 = Release|Any CPU
		{5E3B0ECF-24EC-40D2-B48A-2FF90B33D0E0}.Debug|Any CPU.ActiveCfg = Debug|Any CPU
		{5E3B0ECF-24EC-40D2-B48A-2FF90B33D0E0}.Debug|Any CPU.Build.0 = Debug|Any CPU
		{5E3B0ECF-24EC-40D2-B48A-2FF90B33D0E0}.Release|Any CPU.ActiveCfg = Release|Any CPU
		{5E3B0ECF-24EC-40D2-B48A-2FF90B33D0E0}.Release|Any CPU.Build.0 = Release|Any CPU
		{7A491591-5FF9-425D-B380-919BD8D44AB9}.Debug|Any CPU.ActiveCfg = Debug|Any CPU
		{7A491591-5FF9-425D-B380-919BD8D44AB9}.Debug|Any CPU.Build.0 = Debug|Any CPU
		{7A491591-5FF9-425D-B380-919BD8D44AB9}.Release|Any CPU.ActiveCfg = Release|Any CPU
		{7A491591-5FF9-425D-B380-919BD8D44AB9}.Release|Any CPU.Build.0 = Release|Any CPU
		{E20C7AA3-911A-4CE3-AE55-C862FB7284EA}.Debug|Any CPU.ActiveCfg = Debug|Any CPU
		{E20C7AA3-911A-4CE3-AE55-C862FB7284EA}.Debug|Any CPU.Build.0 = Debug|Any CPU
		{E20C7AA3-911A-4CE3-AE55-C862FB7284EA}.Release|Any CPU.ActiveCfg = Release|Any CPU
		{E20C7AA3-911A-4CE3-AE55-C862FB7284EA}.Release|Any CPU.Build.0 = Release|Any CPU
		{BF0D32D8-D18B-4110-9062-BD503EABFF71}.Debug|Any CPU.ActiveCfg = Debug|Any CPU
		{BF0D32D8-D18B-4110-9062-BD503EABFF71}.Debug|Any CPU.Build.0 = Debug|Any CPU
		{BF0D32D8-D18B-4110-9062-BD503EABFF71}.Release|Any CPU.ActiveCfg = Release|Any CPU
		{BF0D32D8-D18B-4110-9062-BD503EABFF71}.Release|Any CPU.Build.0 = Release|Any CPU
		{EE638CE4-6145-41C0-8AD6-09E52C4A839B}.Debug|Any CPU.ActiveCfg = Debug|Any CPU
		{EE638CE4-6145-41C0-8AD6-09E52C4A839B}.Debug|Any CPU.Build.0 = Debug|Any CPU
		{EE638CE4-6145-41C0-8AD6-09E52C4A839B}.Release|Any CPU.ActiveCfg = Release|Any CPU
		{EE638CE4-6145-41C0-8AD6-09E52C4A839B}.Release|Any CPU.Build.0 = Release|Any CPU
		{CBBCF735-96A9-4D20-8112-5D680F4919AE}.Debug|Any CPU.ActiveCfg = Debug|Any CPU
		{CBBCF735-96A9-4D20-8112-5D680F4919AE}.Debug|Any CPU.Build.0 = Debug|Any CPU
		{CBBCF735-96A9-4D20-8112-5D680F4919AE}.Release|Any CPU.ActiveCfg = Release|Any CPU
		{CBBCF735-96A9-4D20-8112-5D680F4919AE}.Release|Any CPU.Build.0 = Release|Any CPU
		{3C3BC54B-7DA6-446B-8900-04422D0D2AB0}.Debug|Any CPU.ActiveCfg = Debug|Any CPU
		{3C3BC54B-7DA6-446B-8900-04422D0D2AB0}.Debug|Any CPU.Build.0 = Debug|Any CPU
		{3C3BC54B-7DA6-446B-8900-04422D0D2AB0}.Release|Any CPU.ActiveCfg = Release|Any CPU
		{3C3BC54B-7DA6-446B-8900-04422D0D2AB0}.Release|Any CPU.Build.0 = Release|Any CPU
		{EA45E62E-1C55-4C6D-8459-9489645E2FB1}.Debug|Any CPU.ActiveCfg = Debug|Any CPU
		{EA45E62E-1C55-4C6D-8459-9489645E2FB1}.Debug|Any CPU.Build.0 = Debug|Any CPU
		{EA45E62E-1C55-4C6D-8459-9489645E2FB1}.Release|Any CPU.ActiveCfg = Release|Any CPU
		{EA45E62E-1C55-4C6D-8459-9489645E2FB1}.Release|Any CPU.Build.0 = Release|Any CPU
		{0AA26D79-6768-40E6-ACA8-8C6D5740B581}.Debug|Any CPU.ActiveCfg = Debug|Any CPU
		{0AA26D79-6768-40E6-ACA8-8C6D5740B581}.Debug|Any CPU.Build.0 = Debug|Any CPU
		{0AA26D79-6768-40E6-ACA8-8C6D5740B581}.Release|Any CPU.ActiveCfg = Release|Any CPU
		{0AA26D79-6768-40E6-ACA8-8C6D5740B581}.Release|Any CPU.Build.0 = Release|Any CPU
		{F6A970F7-55E1-4828-8331-D32598BA93FF}.Debug|Any CPU.ActiveCfg = Debug|Any CPU
		{F6A970F7-55E1-4828-8331-D32598BA93FF}.Debug|Any CPU.Build.0 = Debug|Any CPU
		{F6A970F7-55E1-4828-8331-D32598BA93FF}.Release|Any CPU.ActiveCfg = Release|Any CPU
		{F6A970F7-55E1-4828-8331-D32598BA93FF}.Release|Any CPU.Build.0 = Release|Any CPU
		{EDAFB52B-6519-4501-98B3-D9B3F261F1F3}.Debug|Any CPU.ActiveCfg = Debug|Any CPU
		{EDAFB52B-6519-4501-98B3-D9B3F261F1F3}.Debug|Any CPU.Build.0 = Debug|Any CPU
		{EDAFB52B-6519-4501-98B3-D9B3F261F1F3}.Release|Any CPU.ActiveCfg = Release|Any CPU
		{EDAFB52B-6519-4501-98B3-D9B3F261F1F3}.Release|Any CPU.Build.0 = Release|Any CPU
		{160B85DD-C775-4D96-8A35-FC2C4A4133BE}.Debug|Any CPU.ActiveCfg = Debug|Any CPU
		{160B85DD-C775-4D96-8A35-FC2C4A4133BE}.Debug|Any CPU.Build.0 = Debug|Any CPU
		{160B85DD-C775-4D96-8A35-FC2C4A4133BE}.Release|Any CPU.ActiveCfg = Release|Any CPU
		{160B85DD-C775-4D96-8A35-FC2C4A4133BE}.Release|Any CPU.Build.0 = Release|Any CPU
		{47AA97B4-83A2-4F0C-ABDB-20A65C09F9C1}.Debug|Any CPU.ActiveCfg = Debug|Any CPU
		{47AA97B4-83A2-4F0C-ABDB-20A65C09F9C1}.Debug|Any CPU.Build.0 = Debug|Any CPU
		{47AA97B4-83A2-4F0C-ABDB-20A65C09F9C1}.Release|Any CPU.ActiveCfg = Release|Any CPU
		{47AA97B4-83A2-4F0C-ABDB-20A65C09F9C1}.Release|Any CPU.Build.0 = Release|Any CPU
		{10B076C9-2672-4637-85F9-7707C3130510}.Debug|Any CPU.ActiveCfg = Debug|Any CPU
		{10B076C9-2672-4637-85F9-7707C3130510}.Debug|Any CPU.Build.0 = Debug|Any CPU
		{10B076C9-2672-4637-85F9-7707C3130510}.Release|Any CPU.ActiveCfg = Release|Any CPU
		{10B076C9-2672-4637-85F9-7707C3130510}.Release|Any CPU.Build.0 = Release|Any CPU
		{9892E1F5-659A-48D2-93AE-1946122026EC}.Debug|Any CPU.ActiveCfg = Debug|Any CPU
		{9892E1F5-659A-48D2-93AE-1946122026EC}.Debug|Any CPU.Build.0 = Debug|Any CPU
		{9892E1F5-659A-48D2-93AE-1946122026EC}.Release|Any CPU.ActiveCfg = Release|Any CPU
		{9892E1F5-659A-48D2-93AE-1946122026EC}.Release|Any CPU.Build.0 = Release|Any CPU
		{43841638-BAF6-484C-8B22-D9ED2C6D4250}.Debug|Any CPU.ActiveCfg = Debug|Any CPU
		{43841638-BAF6-484C-8B22-D9ED2C6D4250}.Debug|Any CPU.Build.0 = Debug|Any CPU
		{43841638-BAF6-484C-8B22-D9ED2C6D4250}.Release|Any CPU.ActiveCfg = Release|Any CPU
		{43841638-BAF6-484C-8B22-D9ED2C6D4250}.Release|Any CPU.Build.0 = Release|Any CPU
		{BE0C6C44-5F3F-45E1-B76C-68502176865F}.Debug|Any CPU.ActiveCfg = Debug|Any CPU
		{BE0C6C44-5F3F-45E1-B76C-68502176865F}.Debug|Any CPU.Build.0 = Debug|Any CPU
		{BE0C6C44-5F3F-45E1-B76C-68502176865F}.Release|Any CPU.ActiveCfg = Release|Any CPU
		{BE0C6C44-5F3F-45E1-B76C-68502176865F}.Release|Any CPU.Build.0 = Release|Any CPU
		{E18061EE-41B8-48C3-881A-B94B40BC3080}.Debug|Any CPU.ActiveCfg = Debug|Any CPU
		{E18061EE-41B8-48C3-881A-B94B40BC3080}.Debug|Any CPU.Build.0 = Debug|Any CPU
		{E18061EE-41B8-48C3-881A-B94B40BC3080}.Release|Any CPU.ActiveCfg = Release|Any CPU
		{E18061EE-41B8-48C3-881A-B94B40BC3080}.Release|Any CPU.Build.0 = Release|Any CPU
		{48A10300-49C9-454F-9106-66FCFD1CF1F1}.Debug|Any CPU.ActiveCfg = Debug|Any CPU
		{48A10300-49C9-454F-9106-66FCFD1CF1F1}.Debug|Any CPU.Build.0 = Debug|Any CPU
		{48A10300-49C9-454F-9106-66FCFD1CF1F1}.Release|Any CPU.ActiveCfg = Release|Any CPU
		{48A10300-49C9-454F-9106-66FCFD1CF1F1}.Release|Any CPU.Build.0 = Release|Any CPU
		{BE1F910D-9834-48F2-94F5-251BDE874119}.Debug|Any CPU.ActiveCfg = Debug|Any CPU
		{BE1F910D-9834-48F2-94F5-251BDE874119}.Debug|Any CPU.Build.0 = Debug|Any CPU
		{BE1F910D-9834-48F2-94F5-251BDE874119}.Release|Any CPU.ActiveCfg = Release|Any CPU
		{BE1F910D-9834-48F2-94F5-251BDE874119}.Release|Any CPU.Build.0 = Release|Any CPU
		{AC2E2490-737F-4F40-9ED0-900E6393E3CE}.Debug|Any CPU.ActiveCfg = Debug|Any CPU
		{AC2E2490-737F-4F40-9ED0-900E6393E3CE}.Debug|Any CPU.Build.0 = Debug|Any CPU
		{AC2E2490-737F-4F40-9ED0-900E6393E3CE}.Release|Any CPU.ActiveCfg = Release|Any CPU
		{AC2E2490-737F-4F40-9ED0-900E6393E3CE}.Release|Any CPU.Build.0 = Release|Any CPU
		{52EB0ABE-293A-4BB0-9FE4-0751A7A7210E}.Debug|Any CPU.ActiveCfg = Debug|Any CPU
		{52EB0ABE-293A-4BB0-9FE4-0751A7A7210E}.Debug|Any CPU.Build.0 = Debug|Any CPU
		{52EB0ABE-293A-4BB0-9FE4-0751A7A7210E}.Release|Any CPU.ActiveCfg = Release|Any CPU
		{52EB0ABE-293A-4BB0-9FE4-0751A7A7210E}.Release|Any CPU.Build.0 = Release|Any CPU
		{D321DF8F-5091-46E1-B82A-838DAC07D81E}.Debug|Any CPU.ActiveCfg = Debug|Any CPU
		{D321DF8F-5091-46E1-B82A-838DAC07D81E}.Debug|Any CPU.Build.0 = Debug|Any CPU
		{D321DF8F-5091-46E1-B82A-838DAC07D81E}.Release|Any CPU.ActiveCfg = Release|Any CPU
		{D321DF8F-5091-46E1-B82A-838DAC07D81E}.Release|Any CPU.Build.0 = Release|Any CPU
		{F2B655CF-5376-4CFA-A5BF-E446E6269C3B}.Debug|Any CPU.ActiveCfg = Debug|Any CPU
		{F2B655CF-5376-4CFA-A5BF-E446E6269C3B}.Debug|Any CPU.Build.0 = Debug|Any CPU
		{F2B655CF-5376-4CFA-A5BF-E446E6269C3B}.Release|Any CPU.ActiveCfg = Release|Any CPU
		{F2B655CF-5376-4CFA-A5BF-E446E6269C3B}.Release|Any CPU.Build.0 = Release|Any CPU
		{44284AC2-F532-4DED-B9A3-C48B852DC521}.Debug|Any CPU.ActiveCfg = Debug|Any CPU
		{44284AC2-F532-4DED-B9A3-C48B852DC521}.Debug|Any CPU.Build.0 = Debug|Any CPU
		{44284AC2-F532-4DED-B9A3-C48B852DC521}.Release|Any CPU.ActiveCfg = Release|Any CPU
		{44284AC2-F532-4DED-B9A3-C48B852DC521}.Release|Any CPU.Build.0 = Release|Any CPU
		{7276AB90-6742-4D40-8F9A-D3BC75D1CBD7}.Debug|Any CPU.ActiveCfg = Debug|Any CPU
		{7276AB90-6742-4D40-8F9A-D3BC75D1CBD7}.Debug|Any CPU.Build.0 = Debug|Any CPU
		{7276AB90-6742-4D40-8F9A-D3BC75D1CBD7}.Release|Any CPU.ActiveCfg = Release|Any CPU
		{7276AB90-6742-4D40-8F9A-D3BC75D1CBD7}.Release|Any CPU.Build.0 = Release|Any CPU
		{66E9A1A9-FC40-40C0-B092-59D23671DF72}.Debug|Any CPU.ActiveCfg = Debug|Any CPU
		{66E9A1A9-FC40-40C0-B092-59D23671DF72}.Debug|Any CPU.Build.0 = Debug|Any CPU
		{66E9A1A9-FC40-40C0-B092-59D23671DF72}.Release|Any CPU.ActiveCfg = Release|Any CPU
		{66E9A1A9-FC40-40C0-B092-59D23671DF72}.Release|Any CPU.Build.0 = Release|Any CPU
		{EC9D4888-4554-4281-A339-2F4B705AD5CE}.Debug|Any CPU.ActiveCfg = Debug|Any CPU
		{EC9D4888-4554-4281-A339-2F4B705AD5CE}.Debug|Any CPU.Build.0 = Debug|Any CPU
		{EC9D4888-4554-4281-A339-2F4B705AD5CE}.Release|Any CPU.ActiveCfg = Release|Any CPU
		{EC9D4888-4554-4281-A339-2F4B705AD5CE}.Release|Any CPU.Build.0 = Release|Any CPU
		{D2FA8D40-ADEF-4DA6-BC0F-AF313E940694}.Debug|Any CPU.ActiveCfg = Debug|Any CPU
		{D2FA8D40-ADEF-4DA6-BC0F-AF313E940694}.Debug|Any CPU.Build.0 = Debug|Any CPU
		{D2FA8D40-ADEF-4DA6-BC0F-AF313E940694}.Release|Any CPU.ActiveCfg = Release|Any CPU
		{D2FA8D40-ADEF-4DA6-BC0F-AF313E940694}.Release|Any CPU.Build.0 = Release|Any CPU
		{B190D19F-32E5-4D4A-9A49-21E28D7DD27F}.Debug|Any CPU.ActiveCfg = Debug|Any CPU
		{B190D19F-32E5-4D4A-9A49-21E28D7DD27F}.Debug|Any CPU.Build.0 = Debug|Any CPU
		{B190D19F-32E5-4D4A-9A49-21E28D7DD27F}.Release|Any CPU.ActiveCfg = Release|Any CPU
		{B190D19F-32E5-4D4A-9A49-21E28D7DD27F}.Release|Any CPU.Build.0 = Release|Any CPU
		{EEA88C12-96BF-4F36-A224-B1FCFAFF702B}.Debug|Any CPU.ActiveCfg = Debug|Any CPU
		{EEA88C12-96BF-4F36-A224-B1FCFAFF702B}.Debug|Any CPU.Build.0 = Debug|Any CPU
		{EEA88C12-96BF-4F36-A224-B1FCFAFF702B}.Release|Any CPU.ActiveCfg = Release|Any CPU
		{EEA88C12-96BF-4F36-A224-B1FCFAFF702B}.Release|Any CPU.Build.0 = Release|Any CPU
		{A9E7F649-07DC-47BD-9236-9DB4476F85E1}.Debug|Any CPU.ActiveCfg = Debug|Any CPU
		{A9E7F649-07DC-47BD-9236-9DB4476F85E1}.Debug|Any CPU.Build.0 = Debug|Any CPU
		{A9E7F649-07DC-47BD-9236-9DB4476F85E1}.Release|Any CPU.ActiveCfg = Release|Any CPU
		{A9E7F649-07DC-47BD-9236-9DB4476F85E1}.Release|Any CPU.Build.0 = Release|Any CPU
		{012F8743-8D75-47CC-8D97-F1D6B218EAA3}.Debug|Any CPU.ActiveCfg = Debug|Any CPU
		{012F8743-8D75-47CC-8D97-F1D6B218EAA3}.Debug|Any CPU.Build.0 = Debug|Any CPU
		{012F8743-8D75-47CC-8D97-F1D6B218EAA3}.Release|Any CPU.ActiveCfg = Release|Any CPU
		{012F8743-8D75-47CC-8D97-F1D6B218EAA3}.Release|Any CPU.Build.0 = Release|Any CPU
		{0FF85246-1891-4855-A996-74BA4D8448B2}.Debug|Any CPU.ActiveCfg = Debug|Any CPU
		{0FF85246-1891-4855-A996-74BA4D8448B2}.Debug|Any CPU.Build.0 = Debug|Any CPU
		{0FF85246-1891-4855-A996-74BA4D8448B2}.Release|Any CPU.ActiveCfg = Release|Any CPU
		{0FF85246-1891-4855-A996-74BA4D8448B2}.Release|Any CPU.Build.0 = Release|Any CPU
		{A4260704-7983-4893-8784-DA1E9EA10977}.Debug|Any CPU.ActiveCfg = Debug|Any CPU
		{A4260704-7983-4893-8784-DA1E9EA10977}.Debug|Any CPU.Build.0 = Debug|Any CPU
		{A4260704-7983-4893-8784-DA1E9EA10977}.Release|Any CPU.ActiveCfg = Release|Any CPU
		{A4260704-7983-4893-8784-DA1E9EA10977}.Release|Any CPU.Build.0 = Release|Any CPU
		{855D3BFF-3CBF-4F8A-80DE-6CEFADDEEC9F}.Debug|Any CPU.ActiveCfg = Debug|Any CPU
		{855D3BFF-3CBF-4F8A-80DE-6CEFADDEEC9F}.Debug|Any CPU.Build.0 = Debug|Any CPU
		{855D3BFF-3CBF-4F8A-80DE-6CEFADDEEC9F}.Release|Any CPU.ActiveCfg = Release|Any CPU
		{855D3BFF-3CBF-4F8A-80DE-6CEFADDEEC9F}.Release|Any CPU.Build.0 = Release|Any CPU
		{39512BA7-1A33-40FA-A928-C68D69B04904}.Debug|Any CPU.ActiveCfg = Debug|Any CPU
		{39512BA7-1A33-40FA-A928-C68D69B04904}.Debug|Any CPU.Build.0 = Debug|Any CPU
		{39512BA7-1A33-40FA-A928-C68D69B04904}.Release|Any CPU.ActiveCfg = Release|Any CPU
		{39512BA7-1A33-40FA-A928-C68D69B04904}.Release|Any CPU.Build.0 = Release|Any CPU
		{3083E9F1-5D29-45A2-B387-420DE0F7A936}.Debug|Any CPU.ActiveCfg = Debug|Any CPU
		{3083E9F1-5D29-45A2-B387-420DE0F7A936}.Debug|Any CPU.Build.0 = Debug|Any CPU
		{3083E9F1-5D29-45A2-B387-420DE0F7A936}.Release|Any CPU.ActiveCfg = Release|Any CPU
		{3083E9F1-5D29-45A2-B387-420DE0F7A936}.Release|Any CPU.Build.0 = Release|Any CPU
		{DC67BD47-D502-4016-83F2-DBD12B31F92A}.Debug|Any CPU.ActiveCfg = Debug|Any CPU
		{DC67BD47-D502-4016-83F2-DBD12B31F92A}.Debug|Any CPU.Build.0 = Debug|Any CPU
		{DC67BD47-D502-4016-83F2-DBD12B31F92A}.Release|Any CPU.ActiveCfg = Release|Any CPU
		{DC67BD47-D502-4016-83F2-DBD12B31F92A}.Release|Any CPU.Build.0 = Release|Any CPU
		{9B82CCBD-7F75-4E12-A2F5-45F87FBE07E0}.Debug|Any CPU.ActiveCfg = Debug|Any CPU
		{9B82CCBD-7F75-4E12-A2F5-45F87FBE07E0}.Debug|Any CPU.Build.0 = Debug|Any CPU
		{9B82CCBD-7F75-4E12-A2F5-45F87FBE07E0}.Release|Any CPU.ActiveCfg = Release|Any CPU
		{9B82CCBD-7F75-4E12-A2F5-45F87FBE07E0}.Release|Any CPU.Build.0 = Release|Any CPU
		{F9B88486-2CB1-44DD-86F3-DDF16DEDBFE3}.Debug|Any CPU.ActiveCfg = Debug|Any CPU
		{F9B88486-2CB1-44DD-86F3-DDF16DEDBFE3}.Debug|Any CPU.Build.0 = Debug|Any CPU
		{F9B88486-2CB1-44DD-86F3-DDF16DEDBFE3}.Release|Any CPU.ActiveCfg = Release|Any CPU
		{F9B88486-2CB1-44DD-86F3-DDF16DEDBFE3}.Release|Any CPU.Build.0 = Release|Any CPU
		{A69A43BF-08C8-441B-A226-5779C2A5A8F7}.Debug|Any CPU.ActiveCfg = Debug|Any CPU
		{A69A43BF-08C8-441B-A226-5779C2A5A8F7}.Debug|Any CPU.Build.0 = Debug|Any CPU
		{A69A43BF-08C8-441B-A226-5779C2A5A8F7}.Release|Any CPU.ActiveCfg = Release|Any CPU
		{A69A43BF-08C8-441B-A226-5779C2A5A8F7}.Release|Any CPU.Build.0 = Release|Any CPU
		{722B95C7-7262-499C-89BB-8E53360BF7BC}.Debug|Any CPU.ActiveCfg = Debug|Any CPU
		{722B95C7-7262-499C-89BB-8E53360BF7BC}.Debug|Any CPU.Build.0 = Debug|Any CPU
		{722B95C7-7262-499C-89BB-8E53360BF7BC}.Release|Any CPU.ActiveCfg = Release|Any CPU
		{722B95C7-7262-499C-89BB-8E53360BF7BC}.Release|Any CPU.Build.0 = Release|Any CPU
		{C3A475C5-47E3-48BB-B177-DC5DB7E5B80F}.Debug|Any CPU.ActiveCfg = Debug|Any CPU
		{C3A475C5-47E3-48BB-B177-DC5DB7E5B80F}.Debug|Any CPU.Build.0 = Debug|Any CPU
		{C3A475C5-47E3-48BB-B177-DC5DB7E5B80F}.Release|Any CPU.ActiveCfg = Release|Any CPU
		{C3A475C5-47E3-48BB-B177-DC5DB7E5B80F}.Release|Any CPU.Build.0 = Release|Any CPU
		{FE46594F-309E-4363-9631-3B395DC082E5}.Debug|Any CPU.ActiveCfg = Debug|Any CPU
		{FE46594F-309E-4363-9631-3B395DC082E5}.Debug|Any CPU.Build.0 = Debug|Any CPU
		{FE46594F-309E-4363-9631-3B395DC082E5}.Release|Any CPU.ActiveCfg = Release|Any CPU
		{FE46594F-309E-4363-9631-3B395DC082E5}.Release|Any CPU.Build.0 = Release|Any CPU
		{EA45467C-7327-41DB-8FAA-024C32362BDA}.Debug|Any CPU.ActiveCfg = Debug|Any CPU
		{EA45467C-7327-41DB-8FAA-024C32362BDA}.Debug|Any CPU.Build.0 = Debug|Any CPU
		{EA45467C-7327-41DB-8FAA-024C32362BDA}.Release|Any CPU.ActiveCfg = Release|Any CPU
		{EA45467C-7327-41DB-8FAA-024C32362BDA}.Release|Any CPU.Build.0 = Release|Any CPU
		{12ECB402-8EDC-49A6-BC4B-9F1E112E095D}.Debug|Any CPU.ActiveCfg = Debug|Any CPU
		{12ECB402-8EDC-49A6-BC4B-9F1E112E095D}.Debug|Any CPU.Build.0 = Debug|Any CPU
		{12ECB402-8EDC-49A6-BC4B-9F1E112E095D}.Release|Any CPU.ActiveCfg = Release|Any CPU
		{12ECB402-8EDC-49A6-BC4B-9F1E112E095D}.Release|Any CPU.Build.0 = Release|Any CPU
		{731AF598-EF5E-496F-AC19-7A75DE3EB765}.Debug|Any CPU.ActiveCfg = Debug|Any CPU
		{731AF598-EF5E-496F-AC19-7A75DE3EB765}.Debug|Any CPU.Build.0 = Debug|Any CPU
		{731AF598-EF5E-496F-AC19-7A75DE3EB765}.Release|Any CPU.ActiveCfg = Release|Any CPU
		{731AF598-EF5E-496F-AC19-7A75DE3EB765}.Release|Any CPU.Build.0 = Release|Any CPU
		{4C7F82BC-D9EF-44E5-998E-6DC9AEFC3A19}.Debug|Any CPU.ActiveCfg = Debug|Any CPU
		{4C7F82BC-D9EF-44E5-998E-6DC9AEFC3A19}.Debug|Any CPU.Build.0 = Debug|Any CPU
		{4C7F82BC-D9EF-44E5-998E-6DC9AEFC3A19}.Release|Any CPU.ActiveCfg = Release|Any CPU
		{4C7F82BC-D9EF-44E5-998E-6DC9AEFC3A19}.Release|Any CPU.Build.0 = Release|Any CPU
		{A4434F99-FE8B-40CE-826A-8916428268AF}.Debug|Any CPU.ActiveCfg = Debug|Any CPU
		{A4434F99-FE8B-40CE-826A-8916428268AF}.Debug|Any CPU.Build.0 = Debug|Any CPU
		{A4434F99-FE8B-40CE-826A-8916428268AF}.Release|Any CPU.ActiveCfg = Release|Any CPU
		{A4434F99-FE8B-40CE-826A-8916428268AF}.Release|Any CPU.Build.0 = Release|Any CPU
		{42B56637-92B1-4D8F-B9F2-A7574CAC70C4}.Debug|Any CPU.ActiveCfg = Debug|Any CPU
		{42B56637-92B1-4D8F-B9F2-A7574CAC70C4}.Debug|Any CPU.Build.0 = Debug|Any CPU
		{42B56637-92B1-4D8F-B9F2-A7574CAC70C4}.Release|Any CPU.ActiveCfg = Release|Any CPU
		{42B56637-92B1-4D8F-B9F2-A7574CAC70C4}.Release|Any CPU.Build.0 = Release|Any CPU
		{BAF26633-25EF-4006-AEF2-2B5B67593484}.Debug|Any CPU.ActiveCfg = Debug|Any CPU
		{BAF26633-25EF-4006-AEF2-2B5B67593484}.Debug|Any CPU.Build.0 = Debug|Any CPU
		{BAF26633-25EF-4006-AEF2-2B5B67593484}.Release|Any CPU.ActiveCfg = Release|Any CPU
		{BAF26633-25EF-4006-AEF2-2B5B67593484}.Release|Any CPU.Build.0 = Release|Any CPU
		{70BEEB88-7ABC-4CCB-807C-2CBAAE7D6477}.Debug|Any CPU.ActiveCfg = Debug|Any CPU
		{70BEEB88-7ABC-4CCB-807C-2CBAAE7D6477}.Debug|Any CPU.Build.0 = Debug|Any CPU
		{70BEEB88-7ABC-4CCB-807C-2CBAAE7D6477}.Release|Any CPU.ActiveCfg = Release|Any CPU
		{70BEEB88-7ABC-4CCB-807C-2CBAAE7D6477}.Release|Any CPU.Build.0 = Release|Any CPU
		{EFD3F5CA-4F2C-41DB-A604-F963AE4576C3}.Debug|Any CPU.ActiveCfg = Debug|Any CPU
		{EFD3F5CA-4F2C-41DB-A604-F963AE4576C3}.Debug|Any CPU.Build.0 = Debug|Any CPU
		{EFD3F5CA-4F2C-41DB-A604-F963AE4576C3}.Release|Any CPU.ActiveCfg = Release|Any CPU
		{EFD3F5CA-4F2C-41DB-A604-F963AE4576C3}.Release|Any CPU.Build.0 = Release|Any CPU
		{6123D097-5DCD-4838-9754-F624A89CC0D0}.Debug|Any CPU.ActiveCfg = Debug|Any CPU
		{6123D097-5DCD-4838-9754-F624A89CC0D0}.Debug|Any CPU.Build.0 = Debug|Any CPU
		{6123D097-5DCD-4838-9754-F624A89CC0D0}.Release|Any CPU.ActiveCfg = Release|Any CPU
		{6123D097-5DCD-4838-9754-F624A89CC0D0}.Release|Any CPU.Build.0 = Release|Any CPU
		{CFE6246D-BD02-49E5-A744-72F472BDD15E}.Debug|Any CPU.ActiveCfg = Debug|Any CPU
		{CFE6246D-BD02-49E5-A744-72F472BDD15E}.Debug|Any CPU.Build.0 = Debug|Any CPU
		{CFE6246D-BD02-49E5-A744-72F472BDD15E}.Release|Any CPU.ActiveCfg = Release|Any CPU
		{CFE6246D-BD02-49E5-A744-72F472BDD15E}.Release|Any CPU.Build.0 = Release|Any CPU
		{E6242D9F-2ADF-4029-83B5-C66C0F39B53F}.Debug|Any CPU.ActiveCfg = Debug|Any CPU
		{E6242D9F-2ADF-4029-83B5-C66C0F39B53F}.Debug|Any CPU.Build.0 = Debug|Any CPU
		{E6242D9F-2ADF-4029-83B5-C66C0F39B53F}.Release|Any CPU.ActiveCfg = Release|Any CPU
		{E6242D9F-2ADF-4029-83B5-C66C0F39B53F}.Release|Any CPU.Build.0 = Release|Any CPU
		{3081AAFD-29F5-4B09-BE25-033B1B24AD8F}.Debug|Any CPU.ActiveCfg = Debug|Any CPU
		{3081AAFD-29F5-4B09-BE25-033B1B24AD8F}.Debug|Any CPU.Build.0 = Debug|Any CPU
		{3081AAFD-29F5-4B09-BE25-033B1B24AD8F}.Release|Any CPU.ActiveCfg = Release|Any CPU
		{3081AAFD-29F5-4B09-BE25-033B1B24AD8F}.Release|Any CPU.Build.0 = Release|Any CPU
		{2A4C578F-431B-431E-899B-1436B39AF0DD}.Debug|Any CPU.ActiveCfg = Debug|Any CPU
		{2A4C578F-431B-431E-899B-1436B39AF0DD}.Debug|Any CPU.Build.0 = Debug|Any CPU
		{2A4C578F-431B-431E-899B-1436B39AF0DD}.Release|Any CPU.ActiveCfg = Release|Any CPU
		{2A4C578F-431B-431E-899B-1436B39AF0DD}.Release|Any CPU.Build.0 = Release|Any CPU
		{6FF8D261-B36F-4517-B19F-CA1757D5CADF}.Debug|Any CPU.ActiveCfg = Debug|Any CPU
		{6FF8D261-B36F-4517-B19F-CA1757D5CADF}.Debug|Any CPU.Build.0 = Debug|Any CPU
		{6FF8D261-B36F-4517-B19F-CA1757D5CADF}.Release|Any CPU.ActiveCfg = Release|Any CPU
		{6FF8D261-B36F-4517-B19F-CA1757D5CADF}.Release|Any CPU.Build.0 = Release|Any CPU
		{71268694-56DF-403D-A913-A44D32A20014}.Debug|Any CPU.ActiveCfg = Debug|Any CPU
		{71268694-56DF-403D-A913-A44D32A20014}.Debug|Any CPU.Build.0 = Debug|Any CPU
		{71268694-56DF-403D-A913-A44D32A20014}.Release|Any CPU.ActiveCfg = Release|Any CPU
		{71268694-56DF-403D-A913-A44D32A20014}.Release|Any CPU.Build.0 = Release|Any CPU
		{FD7044AB-02A0-49EF-A92A-5C30970E1872}.Debug|Any CPU.ActiveCfg = Debug|Any CPU
		{FD7044AB-02A0-49EF-A92A-5C30970E1872}.Debug|Any CPU.Build.0 = Debug|Any CPU
		{FD7044AB-02A0-49EF-A92A-5C30970E1872}.Release|Any CPU.ActiveCfg = Release|Any CPU
		{FD7044AB-02A0-49EF-A92A-5C30970E1872}.Release|Any CPU.Build.0 = Release|Any CPU
		{4262EF32-58EE-4540-9F1F-CD4A9815D4AA}.Debug|Any CPU.ActiveCfg = Debug|Any CPU
		{4262EF32-58EE-4540-9F1F-CD4A9815D4AA}.Debug|Any CPU.Build.0 = Debug|Any CPU
		{4262EF32-58EE-4540-9F1F-CD4A9815D4AA}.Release|Any CPU.ActiveCfg = Release|Any CPU
		{4262EF32-58EE-4540-9F1F-CD4A9815D4AA}.Release|Any CPU.Build.0 = Release|Any CPU
		{70118CFE-30A1-4ED0-B36C-0C9A0103C331}.Debug|Any CPU.ActiveCfg = Debug|Any CPU
		{70118CFE-30A1-4ED0-B36C-0C9A0103C331}.Debug|Any CPU.Build.0 = Debug|Any CPU
		{70118CFE-30A1-4ED0-B36C-0C9A0103C331}.Release|Any CPU.ActiveCfg = Release|Any CPU
		{70118CFE-30A1-4ED0-B36C-0C9A0103C331}.Release|Any CPU.Build.0 = Release|Any CPU
		{93951166-497C-46EE-B86D-CD95E5718BF6}.Debug|Any CPU.ActiveCfg = Debug|Any CPU
		{93951166-497C-46EE-B86D-CD95E5718BF6}.Debug|Any CPU.Build.0 = Debug|Any CPU
		{93951166-497C-46EE-B86D-CD95E5718BF6}.Release|Any CPU.ActiveCfg = Release|Any CPU
		{93951166-497C-46EE-B86D-CD95E5718BF6}.Release|Any CPU.Build.0 = Release|Any CPU
		{40B8BCBE-5385-4FA3-BBF6-44CCA5C89E43}.Debug|Any CPU.ActiveCfg = Debug|Any CPU
		{40B8BCBE-5385-4FA3-BBF6-44CCA5C89E43}.Debug|Any CPU.Build.0 = Debug|Any CPU
		{40B8BCBE-5385-4FA3-BBF6-44CCA5C89E43}.Release|Any CPU.ActiveCfg = Release|Any CPU
		{40B8BCBE-5385-4FA3-BBF6-44CCA5C89E43}.Release|Any CPU.Build.0 = Release|Any CPU
		{9A2B22B1-3725-4CF2-B1C9-6D99C1B38B73}.Debug|Any CPU.ActiveCfg = Debug|Any CPU
		{9A2B22B1-3725-4CF2-B1C9-6D99C1B38B73}.Debug|Any CPU.Build.0 = Debug|Any CPU
		{9A2B22B1-3725-4CF2-B1C9-6D99C1B38B73}.Release|Any CPU.ActiveCfg = Release|Any CPU
		{9A2B22B1-3725-4CF2-B1C9-6D99C1B38B73}.Release|Any CPU.Build.0 = Release|Any CPU
		{F680BD57-A50A-44A5-AC1E-C3B01BB85D04}.Debug|Any CPU.ActiveCfg = Debug|Any CPU
		{F680BD57-A50A-44A5-AC1E-C3B01BB85D04}.Debug|Any CPU.Build.0 = Debug|Any CPU
		{F680BD57-A50A-44A5-AC1E-C3B01BB85D04}.Release|Any CPU.ActiveCfg = Release|Any CPU
		{F680BD57-A50A-44A5-AC1E-C3B01BB85D04}.Release|Any CPU.Build.0 = Release|Any CPU
		{FF5ED833-20EB-4D5A-BE45-9A992D6866A9}.Debug|Any CPU.ActiveCfg = Debug|Any CPU
		{FF5ED833-20EB-4D5A-BE45-9A992D6866A9}.Debug|Any CPU.Build.0 = Debug|Any CPU
		{FF5ED833-20EB-4D5A-BE45-9A992D6866A9}.Release|Any CPU.ActiveCfg = Release|Any CPU
		{FF5ED833-20EB-4D5A-BE45-9A992D6866A9}.Release|Any CPU.Build.0 = Release|Any CPU
		{251A37A5-96D9-4798-827B-C9489F124A26}.Debug|Any CPU.ActiveCfg = Debug|Any CPU
		{251A37A5-96D9-4798-827B-C9489F124A26}.Debug|Any CPU.Build.0 = Debug|Any CPU
		{251A37A5-96D9-4798-827B-C9489F124A26}.Release|Any CPU.ActiveCfg = Release|Any CPU
		{251A37A5-96D9-4798-827B-C9489F124A26}.Release|Any CPU.Build.0 = Release|Any CPU
		{6AACE8C7-AB36-4F02-BE71-46E3484DB0C6}.Debug|Any CPU.ActiveCfg = Debug|Any CPU
		{6AACE8C7-AB36-4F02-BE71-46E3484DB0C6}.Debug|Any CPU.Build.0 = Debug|Any CPU
		{6AACE8C7-AB36-4F02-BE71-46E3484DB0C6}.Release|Any CPU.ActiveCfg = Release|Any CPU
		{6AACE8C7-AB36-4F02-BE71-46E3484DB0C6}.Release|Any CPU.Build.0 = Release|Any CPU
		{D3AF1F1C-F72F-417C-87BE-E3D32AA1CED3}.Debug|Any CPU.ActiveCfg = Debug|Any CPU
		{D3AF1F1C-F72F-417C-87BE-E3D32AA1CED3}.Debug|Any CPU.Build.0 = Debug|Any CPU
		{D3AF1F1C-F72F-417C-87BE-E3D32AA1CED3}.Release|Any CPU.ActiveCfg = Release|Any CPU
		{D3AF1F1C-F72F-417C-87BE-E3D32AA1CED3}.Release|Any CPU.Build.0 = Release|Any CPU
		{F07BAC67-5DFC-476F-BE8A-655584D00F73}.Debug|Any CPU.ActiveCfg = Debug|Any CPU
		{F07BAC67-5DFC-476F-BE8A-655584D00F73}.Debug|Any CPU.Build.0 = Debug|Any CPU
		{F07BAC67-5DFC-476F-BE8A-655584D00F73}.Release|Any CPU.ActiveCfg = Release|Any CPU
		{F07BAC67-5DFC-476F-BE8A-655584D00F73}.Release|Any CPU.Build.0 = Release|Any CPU
		{36B4E92A-AF49-4E18-8CD4-A4A7E188F902}.Debug|Any CPU.ActiveCfg = Debug|Any CPU
		{36B4E92A-AF49-4E18-8CD4-A4A7E188F902}.Debug|Any CPU.Build.0 = Debug|Any CPU
		{36B4E92A-AF49-4E18-8CD4-A4A7E188F902}.Release|Any CPU.ActiveCfg = Release|Any CPU
		{36B4E92A-AF49-4E18-8CD4-A4A7E188F902}.Release|Any CPU.Build.0 = Release|Any CPU
		{353CF68D-4497-45B8-99BD-1BD570B7E44C}.Debug|Any CPU.ActiveCfg = Debug|Any CPU
		{353CF68D-4497-45B8-99BD-1BD570B7E44C}.Debug|Any CPU.Build.0 = Debug|Any CPU
		{353CF68D-4497-45B8-99BD-1BD570B7E44C}.Release|Any CPU.ActiveCfg = Release|Any CPU
		{353CF68D-4497-45B8-99BD-1BD570B7E44C}.Release|Any CPU.Build.0 = Release|Any CPU
		{C553EB2B-C28D-4FF0-ADE0-B01B5A21ECB2}.Debug|Any CPU.ActiveCfg = Debug|Any CPU
		{C553EB2B-C28D-4FF0-ADE0-B01B5A21ECB2}.Debug|Any CPU.Build.0 = Debug|Any CPU
		{C553EB2B-C28D-4FF0-ADE0-B01B5A21ECB2}.Release|Any CPU.ActiveCfg = Release|Any CPU
		{C553EB2B-C28D-4FF0-ADE0-B01B5A21ECB2}.Release|Any CPU.Build.0 = Release|Any CPU
		{9513059D-EABF-4E7A-8456-29029AEA57CA}.Debug|Any CPU.ActiveCfg = Debug|Any CPU
		{9513059D-EABF-4E7A-8456-29029AEA57CA}.Debug|Any CPU.Build.0 = Debug|Any CPU
		{9513059D-EABF-4E7A-8456-29029AEA57CA}.Release|Any CPU.ActiveCfg = Release|Any CPU
		{9513059D-EABF-4E7A-8456-29029AEA57CA}.Release|Any CPU.Build.0 = Release|Any CPU
		{AAC86433-3D6C-4FF2-A520-F135D944CAC1}.Debug|Any CPU.ActiveCfg = Debug|Any CPU
		{AAC86433-3D6C-4FF2-A520-F135D944CAC1}.Debug|Any CPU.Build.0 = Debug|Any CPU
		{AAC86433-3D6C-4FF2-A520-F135D944CAC1}.Release|Any CPU.ActiveCfg = Release|Any CPU
		{AAC86433-3D6C-4FF2-A520-F135D944CAC1}.Release|Any CPU.Build.0 = Release|Any CPU
		{5FD9BA81-2BE2-4D1F-AE44-7BE454DE2B50}.Debug|Any CPU.ActiveCfg = Debug|Any CPU
		{5FD9BA81-2BE2-4D1F-AE44-7BE454DE2B50}.Debug|Any CPU.Build.0 = Debug|Any CPU
		{5FD9BA81-2BE2-4D1F-AE44-7BE454DE2B50}.Release|Any CPU.ActiveCfg = Release|Any CPU
		{5FD9BA81-2BE2-4D1F-AE44-7BE454DE2B50}.Release|Any CPU.Build.0 = Release|Any CPU
		{2E93A064-E8B0-4471-B546-6ED9D2AE2C74}.Debug|Any CPU.ActiveCfg = Debug|Any CPU
		{2E93A064-E8B0-4471-B546-6ED9D2AE2C74}.Debug|Any CPU.Build.0 = Debug|Any CPU
		{2E93A064-E8B0-4471-B546-6ED9D2AE2C74}.Release|Any CPU.ActiveCfg = Release|Any CPU
		{2E93A064-E8B0-4471-B546-6ED9D2AE2C74}.Release|Any CPU.Build.0 = Release|Any CPU
		{9CEED04D-0C05-4FE0-AEFB-5260F4CDD727}.Debug|Any CPU.ActiveCfg = Debug|Any CPU
		{9CEED04D-0C05-4FE0-AEFB-5260F4CDD727}.Debug|Any CPU.Build.0 = Debug|Any CPU
		{9CEED04D-0C05-4FE0-AEFB-5260F4CDD727}.Release|Any CPU.ActiveCfg = Release|Any CPU
		{9CEED04D-0C05-4FE0-AEFB-5260F4CDD727}.Release|Any CPU.Build.0 = Release|Any CPU
		{8A980D36-BC85-4476-B62F-97ED2950A643}.Debug|Any CPU.ActiveCfg = Debug|Any CPU
		{8A980D36-BC85-4476-B62F-97ED2950A643}.Debug|Any CPU.Build.0 = Debug|Any CPU
		{8A980D36-BC85-4476-B62F-97ED2950A643}.Release|Any CPU.ActiveCfg = Release|Any CPU
		{8A980D36-BC85-4476-B62F-97ED2950A643}.Release|Any CPU.Build.0 = Release|Any CPU
		{D434EBE6-D1FB-46CA-B853-5BC1DC6E58AA}.Debug|Any CPU.ActiveCfg = Debug|Any CPU
		{D434EBE6-D1FB-46CA-B853-5BC1DC6E58AA}.Debug|Any CPU.Build.0 = Debug|Any CPU
		{D434EBE6-D1FB-46CA-B853-5BC1DC6E58AA}.Release|Any CPU.ActiveCfg = Release|Any CPU
		{D434EBE6-D1FB-46CA-B853-5BC1DC6E58AA}.Release|Any CPU.Build.0 = Release|Any CPU
		{BBC7B886-407B-4451-962F-059C1D7C2497}.Debug|Any CPU.ActiveCfg = Debug|Any CPU
		{BBC7B886-407B-4451-962F-059C1D7C2497}.Debug|Any CPU.Build.0 = Debug|Any CPU
		{BBC7B886-407B-4451-962F-059C1D7C2497}.Release|Any CPU.ActiveCfg = Release|Any CPU
		{BBC7B886-407B-4451-962F-059C1D7C2497}.Release|Any CPU.Build.0 = Release|Any CPU
		{173CC1E5-FC02-4194-AB21-54163C7734B2}.Debug|Any CPU.ActiveCfg = Debug|Any CPU
		{173CC1E5-FC02-4194-AB21-54163C7734B2}.Debug|Any CPU.Build.0 = Debug|Any CPU
		{173CC1E5-FC02-4194-AB21-54163C7734B2}.Release|Any CPU.ActiveCfg = Release|Any CPU
		{173CC1E5-FC02-4194-AB21-54163C7734B2}.Release|Any CPU.Build.0 = Release|Any CPU
		{633248D1-495C-41A8-BE19-011570A615DA}.Debug|Any CPU.ActiveCfg = Debug|Any CPU
		{633248D1-495C-41A8-BE19-011570A615DA}.Debug|Any CPU.Build.0 = Debug|Any CPU
		{633248D1-495C-41A8-BE19-011570A615DA}.Release|Any CPU.ActiveCfg = Release|Any CPU
		{633248D1-495C-41A8-BE19-011570A615DA}.Release|Any CPU.Build.0 = Release|Any CPU
		{3FC66C51-1CB7-419B-AE39-25FCEED4423A}.Debug|Any CPU.ActiveCfg = Debug|Any CPU
		{3FC66C51-1CB7-419B-AE39-25FCEED4423A}.Debug|Any CPU.Build.0 = Debug|Any CPU
		{3FC66C51-1CB7-419B-AE39-25FCEED4423A}.Release|Any CPU.ActiveCfg = Release|Any CPU
		{3FC66C51-1CB7-419B-AE39-25FCEED4423A}.Release|Any CPU.Build.0 = Release|Any CPU
		{F03E9F27-B10C-411E-A0D1-FF8F61E31D9A}.Debug|Any CPU.ActiveCfg = Debug|Any CPU
		{F03E9F27-B10C-411E-A0D1-FF8F61E31D9A}.Debug|Any CPU.Build.0 = Debug|Any CPU
		{F03E9F27-B10C-411E-A0D1-FF8F61E31D9A}.Release|Any CPU.ActiveCfg = Release|Any CPU
		{F03E9F27-B10C-411E-A0D1-FF8F61E31D9A}.Release|Any CPU.Build.0 = Release|Any CPU
		{C6AA2F40-9742-4BCD-85FA-FAFD0140F9FE}.Debug|Any CPU.ActiveCfg = Debug|Any CPU
		{C6AA2F40-9742-4BCD-85FA-FAFD0140F9FE}.Debug|Any CPU.Build.0 = Debug|Any CPU
		{C6AA2F40-9742-4BCD-85FA-FAFD0140F9FE}.Release|Any CPU.ActiveCfg = Release|Any CPU
		{C6AA2F40-9742-4BCD-85FA-FAFD0140F9FE}.Release|Any CPU.Build.0 = Release|Any CPU
		{0C2EBF80-C852-4941-9DB3-92D595D340A4}.Debug|Any CPU.ActiveCfg = Debug|Any CPU
		{0C2EBF80-C852-4941-9DB3-92D595D340A4}.Debug|Any CPU.Build.0 = Debug|Any CPU
		{0C2EBF80-C852-4941-9DB3-92D595D340A4}.Release|Any CPU.ActiveCfg = Release|Any CPU
		{0C2EBF80-C852-4941-9DB3-92D595D340A4}.Release|Any CPU.Build.0 = Release|Any CPU
		{A542EF60-1CCD-42E8-B1DF-F37CA2C3F8EE}.Debug|Any CPU.ActiveCfg = Debug|Any CPU
		{A542EF60-1CCD-42E8-B1DF-F37CA2C3F8EE}.Debug|Any CPU.Build.0 = Debug|Any CPU
		{A542EF60-1CCD-42E8-B1DF-F37CA2C3F8EE}.Release|Any CPU.ActiveCfg = Release|Any CPU
		{A542EF60-1CCD-42E8-B1DF-F37CA2C3F8EE}.Release|Any CPU.Build.0 = Release|Any CPU
		{925FBAED-1C27-4B47-B285-DE2700C28132}.Debug|Any CPU.ActiveCfg = Debug|Any CPU
		{925FBAED-1C27-4B47-B285-DE2700C28132}.Debug|Any CPU.Build.0 = Debug|Any CPU
		{925FBAED-1C27-4B47-B285-DE2700C28132}.Release|Any CPU.ActiveCfg = Release|Any CPU
		{925FBAED-1C27-4B47-B285-DE2700C28132}.Release|Any CPU.Build.0 = Release|Any CPU
		{D42BCCB1-5D2C-4F61-8EC8-ED5CCA93366C}.Debug|Any CPU.ActiveCfg = Debug|Any CPU
		{D42BCCB1-5D2C-4F61-8EC8-ED5CCA93366C}.Debug|Any CPU.Build.0 = Debug|Any CPU
		{D42BCCB1-5D2C-4F61-8EC8-ED5CCA93366C}.Release|Any CPU.ActiveCfg = Release|Any CPU
		{D42BCCB1-5D2C-4F61-8EC8-ED5CCA93366C}.Release|Any CPU.Build.0 = Release|Any CPU
		{536A3B7C-7A8C-4EDC-A65D-BD7EFB51FF51}.Debug|Any CPU.ActiveCfg = Debug|Any CPU
		{536A3B7C-7A8C-4EDC-A65D-BD7EFB51FF51}.Debug|Any CPU.Build.0 = Debug|Any CPU
		{536A3B7C-7A8C-4EDC-A65D-BD7EFB51FF51}.Release|Any CPU.ActiveCfg = Release|Any CPU
		{536A3B7C-7A8C-4EDC-A65D-BD7EFB51FF51}.Release|Any CPU.Build.0 = Release|Any CPU
		{FC59D224-42AF-4F18-803A-855DAB61BB4A}.Debug|Any CPU.ActiveCfg = Debug|Any CPU
		{FC59D224-42AF-4F18-803A-855DAB61BB4A}.Debug|Any CPU.Build.0 = Debug|Any CPU
		{FC59D224-42AF-4F18-803A-855DAB61BB4A}.Release|Any CPU.ActiveCfg = Release|Any CPU
		{FC59D224-42AF-4F18-803A-855DAB61BB4A}.Release|Any CPU.Build.0 = Release|Any CPU
		{4FCA1A97-0A9E-4DAE-A94E-2926D2023DD2}.Debug|Any CPU.ActiveCfg = Debug|Any CPU
		{4FCA1A97-0A9E-4DAE-A94E-2926D2023DD2}.Debug|Any CPU.Build.0 = Debug|Any CPU
		{4FCA1A97-0A9E-4DAE-A94E-2926D2023DD2}.Release|Any CPU.ActiveCfg = Release|Any CPU
		{4FCA1A97-0A9E-4DAE-A94E-2926D2023DD2}.Release|Any CPU.Build.0 = Release|Any CPU
		{14A36559-B5EB-4CA6-A105-6A474BD3D254}.Debug|Any CPU.ActiveCfg = Debug|Any CPU
		{14A36559-B5EB-4CA6-A105-6A474BD3D254}.Debug|Any CPU.Build.0 = Debug|Any CPU
		{14A36559-B5EB-4CA6-A105-6A474BD3D254}.Release|Any CPU.ActiveCfg = Release|Any CPU
		{14A36559-B5EB-4CA6-A105-6A474BD3D254}.Release|Any CPU.Build.0 = Release|Any CPU
		{B16B3C6E-2462-4868-8943-4E72E81056CA}.Debug|Any CPU.ActiveCfg = Debug|Any CPU
		{B16B3C6E-2462-4868-8943-4E72E81056CA}.Debug|Any CPU.Build.0 = Debug|Any CPU
		{B16B3C6E-2462-4868-8943-4E72E81056CA}.Release|Any CPU.ActiveCfg = Release|Any CPU
		{B16B3C6E-2462-4868-8943-4E72E81056CA}.Release|Any CPU.Build.0 = Release|Any CPU
		{AC683FDB-5726-4C26-ADF2-ADB59F43C4FC}.Debug|Any CPU.ActiveCfg = Debug|Any CPU
		{AC683FDB-5726-4C26-ADF2-ADB59F43C4FC}.Debug|Any CPU.Build.0 = Debug|Any CPU
		{AC683FDB-5726-4C26-ADF2-ADB59F43C4FC}.Release|Any CPU.ActiveCfg = Release|Any CPU
		{AC683FDB-5726-4C26-ADF2-ADB59F43C4FC}.Release|Any CPU.Build.0 = Release|Any CPU
		{FC726200-9C3B-4EAF-B26D-3B05E65F89C3}.Debug|Any CPU.ActiveCfg = Debug|Any CPU
		{FC726200-9C3B-4EAF-B26D-3B05E65F89C3}.Debug|Any CPU.Build.0 = Debug|Any CPU
		{FC726200-9C3B-4EAF-B26D-3B05E65F89C3}.Release|Any CPU.ActiveCfg = Release|Any CPU
		{FC726200-9C3B-4EAF-B26D-3B05E65F89C3}.Release|Any CPU.Build.0 = Release|Any CPU
		{C80CE8D9-ADA1-45D0-807F-C3490D79AB65}.Debug|Any CPU.ActiveCfg = Debug|Any CPU
		{C80CE8D9-ADA1-45D0-807F-C3490D79AB65}.Debug|Any CPU.Build.0 = Debug|Any CPU
		{C80CE8D9-ADA1-45D0-807F-C3490D79AB65}.Release|Any CPU.ActiveCfg = Release|Any CPU
		{C80CE8D9-ADA1-45D0-807F-C3490D79AB65}.Release|Any CPU.Build.0 = Release|Any CPU
		{9C5E412F-72D7-417B-89E8-A477071EC364}.Debug|Any CPU.ActiveCfg = Debug|Any CPU
		{9C5E412F-72D7-417B-89E8-A477071EC364}.Debug|Any CPU.Build.0 = Debug|Any CPU
		{9C5E412F-72D7-417B-89E8-A477071EC364}.Release|Any CPU.ActiveCfg = Release|Any CPU
		{9C5E412F-72D7-417B-89E8-A477071EC364}.Release|Any CPU.Build.0 = Release|Any CPU
		{BC5E26DD-F694-4AA0-9D64-C3B7063BCA89}.Debug|Any CPU.ActiveCfg = Debug|Any CPU
		{BC5E26DD-F694-4AA0-9D64-C3B7063BCA89}.Debug|Any CPU.Build.0 = Debug|Any CPU
		{BC5E26DD-F694-4AA0-9D64-C3B7063BCA89}.Release|Any CPU.ActiveCfg = Release|Any CPU
		{BC5E26DD-F694-4AA0-9D64-C3B7063BCA89}.Release|Any CPU.Build.0 = Release|Any CPU
		{EB95CD57-4587-42D5-BAF6-1C9E76C1B4E4}.Debug|Any CPU.ActiveCfg = Debug|Any CPU
		{EB95CD57-4587-42D5-BAF6-1C9E76C1B4E4}.Debug|Any CPU.Build.0 = Debug|Any CPU
		{EB95CD57-4587-42D5-BAF6-1C9E76C1B4E4}.Release|Any CPU.ActiveCfg = Release|Any CPU
		{EB95CD57-4587-42D5-BAF6-1C9E76C1B4E4}.Release|Any CPU.Build.0 = Release|Any CPU
		{B9674265-567E-4A70-8FA4-7AC71EEC6A34}.Debug|Any CPU.ActiveCfg = Debug|Any CPU
		{B9674265-567E-4A70-8FA4-7AC71EEC6A34}.Debug|Any CPU.Build.0 = Debug|Any CPU
		{B9674265-567E-4A70-8FA4-7AC71EEC6A34}.Release|Any CPU.ActiveCfg = Release|Any CPU
		{B9674265-567E-4A70-8FA4-7AC71EEC6A34}.Release|Any CPU.Build.0 = Release|Any CPU
		{F9041E3B-7806-463A-83C3-FEB8AA17339B}.Debug|Any CPU.ActiveCfg = Debug|Any CPU
		{F9041E3B-7806-463A-83C3-FEB8AA17339B}.Debug|Any CPU.Build.0 = Debug|Any CPU
		{F9041E3B-7806-463A-83C3-FEB8AA17339B}.Release|Any CPU.ActiveCfg = Release|Any CPU
		{F9041E3B-7806-463A-83C3-FEB8AA17339B}.Release|Any CPU.Build.0 = Release|Any CPU
		{F42465A7-7122-427C-AF8C-CDB5A2844E1B}.Debug|Any CPU.ActiveCfg = Debug|Any CPU
		{F42465A7-7122-427C-AF8C-CDB5A2844E1B}.Debug|Any CPU.Build.0 = Debug|Any CPU
		{F42465A7-7122-427C-AF8C-CDB5A2844E1B}.Release|Any CPU.ActiveCfg = Release|Any CPU
		{F42465A7-7122-427C-AF8C-CDB5A2844E1B}.Release|Any CPU.Build.0 = Release|Any CPU
		{703AC049-3AC6-417D-A182-0EA9DA104412}.Debug|Any CPU.ActiveCfg = Debug|Any CPU
		{703AC049-3AC6-417D-A182-0EA9DA104412}.Debug|Any CPU.Build.0 = Debug|Any CPU
		{703AC049-3AC6-417D-A182-0EA9DA104412}.Release|Any CPU.ActiveCfg = Release|Any CPU
		{703AC049-3AC6-417D-A182-0EA9DA104412}.Release|Any CPU.Build.0 = Release|Any CPU
		{DD8CA019-DC63-4C5C-91B2-77B09F35958C}.Debug|Any CPU.ActiveCfg = Debug|Any CPU
		{DD8CA019-DC63-4C5C-91B2-77B09F35958C}.Debug|Any CPU.Build.0 = Debug|Any CPU
		{DD8CA019-DC63-4C5C-91B2-77B09F35958C}.Release|Any CPU.ActiveCfg = Release|Any CPU
		{DD8CA019-DC63-4C5C-91B2-77B09F35958C}.Release|Any CPU.Build.0 = Release|Any CPU
		{863DE014-BCC9-4567-9A4E-E3D5F6F4023E}.Debug|Any CPU.ActiveCfg = Debug|Any CPU
		{863DE014-BCC9-4567-9A4E-E3D5F6F4023E}.Debug|Any CPU.Build.0 = Debug|Any CPU
		{863DE014-BCC9-4567-9A4E-E3D5F6F4023E}.Release|Any CPU.ActiveCfg = Release|Any CPU
		{863DE014-BCC9-4567-9A4E-E3D5F6F4023E}.Release|Any CPU.Build.0 = Release|Any CPU
		{F3186B23-EBE8-45C4-BC33-CD30F1E30EB0}.Debug|Any CPU.ActiveCfg = Debug|Any CPU
		{F3186B23-EBE8-45C4-BC33-CD30F1E30EB0}.Debug|Any CPU.Build.0 = Debug|Any CPU
		{F3186B23-EBE8-45C4-BC33-CD30F1E30EB0}.Release|Any CPU.ActiveCfg = Release|Any CPU
		{F3186B23-EBE8-45C4-BC33-CD30F1E30EB0}.Release|Any CPU.Build.0 = Release|Any CPU
		{97E6AE19-435A-4F4B-A5AE-2CCA48D7DF5E}.Debug|Any CPU.ActiveCfg = Debug|Any CPU
		{97E6AE19-435A-4F4B-A5AE-2CCA48D7DF5E}.Debug|Any CPU.Build.0 = Debug|Any CPU
		{97E6AE19-435A-4F4B-A5AE-2CCA48D7DF5E}.Release|Any CPU.ActiveCfg = Release|Any CPU
		{97E6AE19-435A-4F4B-A5AE-2CCA48D7DF5E}.Release|Any CPU.Build.0 = Release|Any CPU
		{8EEB57D7-4068-4839-A296-863D083AA166}.Debug|Any CPU.ActiveCfg = Debug|Any CPU
		{8EEB57D7-4068-4839-A296-863D083AA166}.Debug|Any CPU.Build.0 = Debug|Any CPU
		{8EEB57D7-4068-4839-A296-863D083AA166}.Release|Any CPU.ActiveCfg = Release|Any CPU
		{8EEB57D7-4068-4839-A296-863D083AA166}.Release|Any CPU.Build.0 = Release|Any CPU
		{642C95A7-2A53-46B6-B133-E7A4E906B2BC}.Debug|Any CPU.ActiveCfg = Debug|Any CPU
		{642C95A7-2A53-46B6-B133-E7A4E906B2BC}.Debug|Any CPU.Build.0 = Debug|Any CPU
		{642C95A7-2A53-46B6-B133-E7A4E906B2BC}.Release|Any CPU.ActiveCfg = Release|Any CPU
		{642C95A7-2A53-46B6-B133-E7A4E906B2BC}.Release|Any CPU.Build.0 = Release|Any CPU
		{83D4A649-6F4A-4FE7-A1CD-D6692D3771E4}.Debug|Any CPU.ActiveCfg = Debug|Any CPU
		{83D4A649-6F4A-4FE7-A1CD-D6692D3771E4}.Debug|Any CPU.Build.0 = Debug|Any CPU
		{83D4A649-6F4A-4FE7-A1CD-D6692D3771E4}.Release|Any CPU.ActiveCfg = Release|Any CPU
		{83D4A649-6F4A-4FE7-A1CD-D6692D3771E4}.Release|Any CPU.Build.0 = Release|Any CPU
		{27995674-18C1-48CF-A55F-0DD518D72C82}.Debug|Any CPU.ActiveCfg = Debug|Any CPU
		{27995674-18C1-48CF-A55F-0DD518D72C82}.Debug|Any CPU.Build.0 = Debug|Any CPU
		{27995674-18C1-48CF-A55F-0DD518D72C82}.Release|Any CPU.ActiveCfg = Release|Any CPU
		{27995674-18C1-48CF-A55F-0DD518D72C82}.Release|Any CPU.Build.0 = Release|Any CPU
		{46282645-473A-4D53-8D79-61989DDC41B1}.Debug|Any CPU.ActiveCfg = Debug|Any CPU
		{46282645-473A-4D53-8D79-61989DDC41B1}.Debug|Any CPU.Build.0 = Debug|Any CPU
		{46282645-473A-4D53-8D79-61989DDC41B1}.Release|Any CPU.ActiveCfg = Release|Any CPU
		{46282645-473A-4D53-8D79-61989DDC41B1}.Release|Any CPU.Build.0 = Release|Any CPU
		{7DB86C27-EF14-47AE-BDB2-96881EC0F17C}.Debug|Any CPU.ActiveCfg = Debug|Any CPU
		{7DB86C27-EF14-47AE-BDB2-96881EC0F17C}.Debug|Any CPU.Build.0 = Debug|Any CPU
		{7DB86C27-EF14-47AE-BDB2-96881EC0F17C}.Release|Any CPU.ActiveCfg = Release|Any CPU
		{7DB86C27-EF14-47AE-BDB2-96881EC0F17C}.Release|Any CPU.Build.0 = Release|Any CPU
		{5C9EE48A-1A13-481F-9028-00E18F436C0C}.Debug|Any CPU.ActiveCfg = Debug|Any CPU
		{5C9EE48A-1A13-481F-9028-00E18F436C0C}.Debug|Any CPU.Build.0 = Debug|Any CPU
		{5C9EE48A-1A13-481F-9028-00E18F436C0C}.Release|Any CPU.ActiveCfg = Release|Any CPU
		{5C9EE48A-1A13-481F-9028-00E18F436C0C}.Release|Any CPU.Build.0 = Release|Any CPU
		{27B03CDD-33AD-4E7A-B712-A298D61F6D55}.Debug|Any CPU.ActiveCfg = Debug|Any CPU
		{27B03CDD-33AD-4E7A-B712-A298D61F6D55}.Debug|Any CPU.Build.0 = Debug|Any CPU
		{27B03CDD-33AD-4E7A-B712-A298D61F6D55}.Release|Any CPU.ActiveCfg = Release|Any CPU
		{27B03CDD-33AD-4E7A-B712-A298D61F6D55}.Release|Any CPU.Build.0 = Release|Any CPU
		{2EF83B5B-8F7B-41E4-BF04-3BCD79A014D3}.Debug|Any CPU.ActiveCfg = Debug|Any CPU
		{2EF83B5B-8F7B-41E4-BF04-3BCD79A014D3}.Debug|Any CPU.Build.0 = Debug|Any CPU
		{2EF83B5B-8F7B-41E4-BF04-3BCD79A014D3}.Release|Any CPU.ActiveCfg = Release|Any CPU
		{2EF83B5B-8F7B-41E4-BF04-3BCD79A014D3}.Release|Any CPU.Build.0 = Release|Any CPU
		{8B5D3F79-123D-41A0-BC79-1282C6D67845}.Debug|Any CPU.ActiveCfg = Debug|Any CPU
		{8B5D3F79-123D-41A0-BC79-1282C6D67845}.Debug|Any CPU.Build.0 = Debug|Any CPU
		{8B5D3F79-123D-41A0-BC79-1282C6D67845}.Release|Any CPU.ActiveCfg = Release|Any CPU
		{8B5D3F79-123D-41A0-BC79-1282C6D67845}.Release|Any CPU.Build.0 = Release|Any CPU
		{BF42F980-86A8-493F-9209-FD368B657828}.Debug|Any CPU.ActiveCfg = Debug|Any CPU
		{BF42F980-86A8-493F-9209-FD368B657828}.Debug|Any CPU.Build.0 = Debug|Any CPU
		{BF42F980-86A8-493F-9209-FD368B657828}.Release|Any CPU.ActiveCfg = Release|Any CPU
		{BF42F980-86A8-493F-9209-FD368B657828}.Release|Any CPU.Build.0 = Release|Any CPU
		{62925A73-3B96-4097-9E72-66643803D362}.Debug|Any CPU.ActiveCfg = Debug|Any CPU
		{62925A73-3B96-4097-9E72-66643803D362}.Debug|Any CPU.Build.0 = Debug|Any CPU
		{62925A73-3B96-4097-9E72-66643803D362}.Release|Any CPU.ActiveCfg = Release|Any CPU
		{62925A73-3B96-4097-9E72-66643803D362}.Release|Any CPU.Build.0 = Release|Any CPU
		{B7785060-0978-4807-9B37-4BB3BD6D8E46}.Debug|Any CPU.ActiveCfg = Debug|Any CPU
		{B7785060-0978-4807-9B37-4BB3BD6D8E46}.Debug|Any CPU.Build.0 = Debug|Any CPU
		{B7785060-0978-4807-9B37-4BB3BD6D8E46}.Release|Any CPU.ActiveCfg = Release|Any CPU
		{B7785060-0978-4807-9B37-4BB3BD6D8E46}.Release|Any CPU.Build.0 = Release|Any CPU
		{EB27B25F-C85C-4918-9643-699C7FF84E89}.Debug|Any CPU.ActiveCfg = Debug|Any CPU
		{EB27B25F-C85C-4918-9643-699C7FF84E89}.Debug|Any CPU.Build.0 = Debug|Any CPU
		{EB27B25F-C85C-4918-9643-699C7FF84E89}.Release|Any CPU.ActiveCfg = Release|Any CPU
		{EB27B25F-C85C-4918-9643-699C7FF84E89}.Release|Any CPU.Build.0 = Release|Any CPU
		{428735F9-111E-4A82-B685-07EFBFAB7167}.Debug|Any CPU.ActiveCfg = Debug|Any CPU
		{428735F9-111E-4A82-B685-07EFBFAB7167}.Debug|Any CPU.Build.0 = Debug|Any CPU
		{428735F9-111E-4A82-B685-07EFBFAB7167}.Release|Any CPU.ActiveCfg = Release|Any CPU
		{428735F9-111E-4A82-B685-07EFBFAB7167}.Release|Any CPU.Build.0 = Release|Any CPU
		{0E098994-2EEE-439B-B77F-00B8A9B08C1C}.Debug|Any CPU.ActiveCfg = Debug|Any CPU
		{0E098994-2EEE-439B-B77F-00B8A9B08C1C}.Debug|Any CPU.Build.0 = Debug|Any CPU
		{0E098994-2EEE-439B-B77F-00B8A9B08C1C}.Release|Any CPU.ActiveCfg = Release|Any CPU
		{0E098994-2EEE-439B-B77F-00B8A9B08C1C}.Release|Any CPU.Build.0 = Release|Any CPU
		{EE998DF9-40A1-49AE-A289-2627993EE7CC}.Debug|Any CPU.ActiveCfg = Debug|Any CPU
		{EE998DF9-40A1-49AE-A289-2627993EE7CC}.Debug|Any CPU.Build.0 = Debug|Any CPU
		{EE998DF9-40A1-49AE-A289-2627993EE7CC}.Release|Any CPU.ActiveCfg = Release|Any CPU
		{EE998DF9-40A1-49AE-A289-2627993EE7CC}.Release|Any CPU.Build.0 = Release|Any CPU
		{3E8F370B-BF41-417F-A91B-900FA38699F5}.Debug|Any CPU.ActiveCfg = Debug|Any CPU
		{3E8F370B-BF41-417F-A91B-900FA38699F5}.Debug|Any CPU.Build.0 = Debug|Any CPU
		{3E8F370B-BF41-417F-A91B-900FA38699F5}.Release|Any CPU.ActiveCfg = Release|Any CPU
		{3E8F370B-BF41-417F-A91B-900FA38699F5}.Release|Any CPU.Build.0 = Release|Any CPU
		{361607DA-6251-47FE-97BE-C5A1B779B491}.Debug|Any CPU.ActiveCfg = Debug|Any CPU
		{361607DA-6251-47FE-97BE-C5A1B779B491}.Debug|Any CPU.Build.0 = Debug|Any CPU
		{361607DA-6251-47FE-97BE-C5A1B779B491}.Release|Any CPU.ActiveCfg = Release|Any CPU
		{361607DA-6251-47FE-97BE-C5A1B779B491}.Release|Any CPU.Build.0 = Release|Any CPU
		{1FD878DF-E304-4217-90CF-17CE946275A9}.Debug|Any CPU.ActiveCfg = Debug|Any CPU
		{1FD878DF-E304-4217-90CF-17CE946275A9}.Debug|Any CPU.Build.0 = Debug|Any CPU
		{1FD878DF-E304-4217-90CF-17CE946275A9}.Release|Any CPU.ActiveCfg = Release|Any CPU
		{1FD878DF-E304-4217-90CF-17CE946275A9}.Release|Any CPU.Build.0 = Release|Any CPU
		{6539ECF7-1B9A-4A31-84C3-A80CFC1329E1}.Debug|Any CPU.ActiveCfg = Debug|Any CPU
		{6539ECF7-1B9A-4A31-84C3-A80CFC1329E1}.Debug|Any CPU.Build.0 = Debug|Any CPU
		{6539ECF7-1B9A-4A31-84C3-A80CFC1329E1}.Release|Any CPU.ActiveCfg = Release|Any CPU
		{6539ECF7-1B9A-4A31-84C3-A80CFC1329E1}.Release|Any CPU.Build.0 = Release|Any CPU
		{8DDD5706-4FC7-43DA-9151-6BD0BA8A7C20}.Debug|Any CPU.ActiveCfg = Debug|Any CPU
		{8DDD5706-4FC7-43DA-9151-6BD0BA8A7C20}.Debug|Any CPU.Build.0 = Debug|Any CPU
		{8DDD5706-4FC7-43DA-9151-6BD0BA8A7C20}.Release|Any CPU.ActiveCfg = Release|Any CPU
		{8DDD5706-4FC7-43DA-9151-6BD0BA8A7C20}.Release|Any CPU.Build.0 = Release|Any CPU
		{818031B4-73A1-4000-A241-EB30C5EBEEBD}.Debug|Any CPU.ActiveCfg = Debug|Any CPU
		{818031B4-73A1-4000-A241-EB30C5EBEEBD}.Debug|Any CPU.Build.0 = Debug|Any CPU
		{818031B4-73A1-4000-A241-EB30C5EBEEBD}.Release|Any CPU.ActiveCfg = Release|Any CPU
		{818031B4-73A1-4000-A241-EB30C5EBEEBD}.Release|Any CPU.Build.0 = Release|Any CPU
	EndGlobalSection
	GlobalSection(SolutionProperties) = preSolution
		HideSolutionNode = FALSE
	EndGlobalSection
	GlobalSection(NestedProjects) = preSolution
		{44B0CDAB-1E82-4E3D-8C50-FE2AA9E83067} = {D375BBD4-7000-4E0F-9042-E8601819AD32}
		{7D80E0C9-CAB2-4CDB-8A7A-7E0D004B46D0} = {D375BBD4-7000-4E0F-9042-E8601819AD32}
		{E252C477-93F3-49BE-AD8B-E1CBA3987603} = {D375BBD4-7000-4E0F-9042-E8601819AD32}
		{410B3806-481F-4DDE-BF38-16E79FB8C60A} = {D375BBD4-7000-4E0F-9042-E8601819AD32}
		{867A417E-D667-4311-9EA8-9B794B955D01} = {D375BBD4-7000-4E0F-9042-E8601819AD32}
		{4796D7ED-D599-4C91-8D2E-C93D2C7F975B} = {D375BBD4-7000-4E0F-9042-E8601819AD32}
		{156656EB-20D9-45EC-85A1-AC805EA75F3C} = {D375BBD4-7000-4E0F-9042-E8601819AD32}
		{DAF14276-0A89-46AE-9B7B-0D2E8A997961} = {D375BBD4-7000-4E0F-9042-E8601819AD32}
		{9770B834-3C85-4912-A20B-0F496102EAC6} = {D375BBD4-7000-4E0F-9042-E8601819AD32}
		{2DD3D9D0-7E30-483A-8223-E5F5305B53D0} = {D375BBD4-7000-4E0F-9042-E8601819AD32}
		{9E526D2B-D682-4788-9A78-7CA743983F37} = {D375BBD4-7000-4E0F-9042-E8601819AD32}
		{6A33411E-33C2-4A7F-AE4B-7A6A7ABD27E7} = {D375BBD4-7000-4E0F-9042-E8601819AD32}
		{5E3B0ECF-24EC-40D2-B48A-2FF90B33D0E0} = {D375BBD4-7000-4E0F-9042-E8601819AD32}
		{7A491591-5FF9-425D-B380-919BD8D44AB9} = {D375BBD4-7000-4E0F-9042-E8601819AD32}
		{E20C7AA3-911A-4CE3-AE55-C862FB7284EA} = {D375BBD4-7000-4E0F-9042-E8601819AD32}
		{BF0D32D8-D18B-4110-9062-BD503EABFF71} = {D375BBD4-7000-4E0F-9042-E8601819AD32}
		{EE638CE4-6145-41C0-8AD6-09E52C4A839B} = {D375BBD4-7000-4E0F-9042-E8601819AD32}
		{CBBCF735-96A9-4D20-8112-5D680F4919AE} = {D375BBD4-7000-4E0F-9042-E8601819AD32}
		{3C3BC54B-7DA6-446B-8900-04422D0D2AB0} = {D375BBD4-7000-4E0F-9042-E8601819AD32}
		{EA45E62E-1C55-4C6D-8459-9489645E2FB1} = {D375BBD4-7000-4E0F-9042-E8601819AD32}
		{0AA26D79-6768-40E6-ACA8-8C6D5740B581} = {D375BBD4-7000-4E0F-9042-E8601819AD32}
		{F6A970F7-55E1-4828-8331-D32598BA93FF} = {D375BBD4-7000-4E0F-9042-E8601819AD32}
		{F8633579-BED8-4461-B0C3-68BB0E8591CD} = {D375BBD4-7000-4E0F-9042-E8601819AD32}
		{EDAFB52B-6519-4501-98B3-D9B3F261F1F3} = {F8633579-BED8-4461-B0C3-68BB0E8591CD}
		{160B85DD-C775-4D96-8A35-FC2C4A4133BE} = {F8633579-BED8-4461-B0C3-68BB0E8591CD}
		{47AA97B4-83A2-4F0C-ABDB-20A65C09F9C1} = {F8633579-BED8-4461-B0C3-68BB0E8591CD}
		{10B076C9-2672-4637-85F9-7707C3130510} = {F8633579-BED8-4461-B0C3-68BB0E8591CD}
		{9892E1F5-659A-48D2-93AE-1946122026EC} = {F8633579-BED8-4461-B0C3-68BB0E8591CD}
		{43841638-BAF6-484C-8B22-D9ED2C6D4250} = {F8633579-BED8-4461-B0C3-68BB0E8591CD}
		{BE0C6C44-5F3F-45E1-B76C-68502176865F} = {F8633579-BED8-4461-B0C3-68BB0E8591CD}
		{E18061EE-41B8-48C3-881A-B94B40BC3080} = {F8633579-BED8-4461-B0C3-68BB0E8591CD}
		{48A10300-49C9-454F-9106-66FCFD1CF1F1} = {F8633579-BED8-4461-B0C3-68BB0E8591CD}
		{BE1F910D-9834-48F2-94F5-251BDE874119} = {F8633579-BED8-4461-B0C3-68BB0E8591CD}
		{AC2E2490-737F-4F40-9ED0-900E6393E3CE} = {D375BBD4-7000-4E0F-9042-E8601819AD32}
		{52EB0ABE-293A-4BB0-9FE4-0751A7A7210E} = {D375BBD4-7000-4E0F-9042-E8601819AD32}
		{D321DF8F-5091-46E1-B82A-838DAC07D81E} = {D375BBD4-7000-4E0F-9042-E8601819AD32}
		{F2B655CF-5376-4CFA-A5BF-E446E6269C3B} = {D375BBD4-7000-4E0F-9042-E8601819AD32}
		{44284AC2-F532-4DED-B9A3-C48B852DC521} = {D375BBD4-7000-4E0F-9042-E8601819AD32}
		{7276AB90-6742-4D40-8F9A-D3BC75D1CBD7} = {F8633579-BED8-4461-B0C3-68BB0E8591CD}
		{66E9A1A9-FC40-40C0-B092-59D23671DF72} = {D375BBD4-7000-4E0F-9042-E8601819AD32}
		{EC9D4888-4554-4281-A339-2F4B705AD5CE} = {D375BBD4-7000-4E0F-9042-E8601819AD32}
		{D2FA8D40-ADEF-4DA6-BC0F-AF313E940694} = {D375BBD4-7000-4E0F-9042-E8601819AD32}
		{B190D19F-32E5-4D4A-9A49-21E28D7DD27F} = {D375BBD4-7000-4E0F-9042-E8601819AD32}
		{EEA88C12-96BF-4F36-A224-B1FCFAFF702B} = {D375BBD4-7000-4E0F-9042-E8601819AD32}
		{A9E7F649-07DC-47BD-9236-9DB4476F85E1} = {D375BBD4-7000-4E0F-9042-E8601819AD32}
		{012F8743-8D75-47CC-8D97-F1D6B218EAA3} = {D375BBD4-7000-4E0F-9042-E8601819AD32}
		{0FF85246-1891-4855-A996-74BA4D8448B2} = {D375BBD4-7000-4E0F-9042-E8601819AD32}
		{A4260704-7983-4893-8784-DA1E9EA10977} = {D375BBD4-7000-4E0F-9042-E8601819AD32}
		{855D3BFF-3CBF-4F8A-80DE-6CEFADDEEC9F} = {D375BBD4-7000-4E0F-9042-E8601819AD32}
		{39512BA7-1A33-40FA-A928-C68D69B04904} = {D375BBD4-7000-4E0F-9042-E8601819AD32}
		{3083E9F1-5D29-45A2-B387-420DE0F7A936} = {D375BBD4-7000-4E0F-9042-E8601819AD32}
		{DC67BD47-D502-4016-83F2-DBD12B31F92A} = {D375BBD4-7000-4E0F-9042-E8601819AD32}
		{9B82CCBD-7F75-4E12-A2F5-45F87FBE07E0} = {D375BBD4-7000-4E0F-9042-E8601819AD32}
		{F9B88486-2CB1-44DD-86F3-DDF16DEDBFE3} = {D375BBD4-7000-4E0F-9042-E8601819AD32}
		{A69A43BF-08C8-441B-A226-5779C2A5A8F7} = {D375BBD4-7000-4E0F-9042-E8601819AD32}
		{722B95C7-7262-499C-89BB-8E53360BF7BC} = {D375BBD4-7000-4E0F-9042-E8601819AD32}
		{C3A475C5-47E3-48BB-B177-DC5DB7E5B80F} = {D375BBD4-7000-4E0F-9042-E8601819AD32}
		{FE46594F-309E-4363-9631-3B395DC082E5} = {D375BBD4-7000-4E0F-9042-E8601819AD32}
		{EA45467C-7327-41DB-8FAA-024C32362BDA} = {D375BBD4-7000-4E0F-9042-E8601819AD32}
		{12ECB402-8EDC-49A6-BC4B-9F1E112E095D} = {D375BBD4-7000-4E0F-9042-E8601819AD32}
		{731AF598-EF5E-496F-AC19-7A75DE3EB765} = {D375BBD4-7000-4E0F-9042-E8601819AD32}
		{4C7F82BC-D9EF-44E5-998E-6DC9AEFC3A19} = {D375BBD4-7000-4E0F-9042-E8601819AD32}
		{A4434F99-FE8B-40CE-826A-8916428268AF} = {D375BBD4-7000-4E0F-9042-E8601819AD32}
		{42B56637-92B1-4D8F-B9F2-A7574CAC70C4} = {D375BBD4-7000-4E0F-9042-E8601819AD32}
		{BAF26633-25EF-4006-AEF2-2B5B67593484} = {D375BBD4-7000-4E0F-9042-E8601819AD32}
		{70BEEB88-7ABC-4CCB-807C-2CBAAE7D6477} = {D375BBD4-7000-4E0F-9042-E8601819AD32}
		{EFD3F5CA-4F2C-41DB-A604-F963AE4576C3} = {D375BBD4-7000-4E0F-9042-E8601819AD32}
		{6123D097-5DCD-4838-9754-F624A89CC0D0} = {D375BBD4-7000-4E0F-9042-E8601819AD32}
		{CFE6246D-BD02-49E5-A744-72F472BDD15E} = {D375BBD4-7000-4E0F-9042-E8601819AD32}
		{E6242D9F-2ADF-4029-83B5-C66C0F39B53F} = {D375BBD4-7000-4E0F-9042-E8601819AD32}
		{3081AAFD-29F5-4B09-BE25-033B1B24AD8F} = {D375BBD4-7000-4E0F-9042-E8601819AD32}
		{2A4C578F-431B-431E-899B-1436B39AF0DD} = {D375BBD4-7000-4E0F-9042-E8601819AD32}
		{6FF8D261-B36F-4517-B19F-CA1757D5CADF} = {D375BBD4-7000-4E0F-9042-E8601819AD32}
		{71268694-56DF-403D-A913-A44D32A20014} = {D375BBD4-7000-4E0F-9042-E8601819AD32}
		{FD7044AB-02A0-49EF-A92A-5C30970E1872} = {D375BBD4-7000-4E0F-9042-E8601819AD32}
		{4262EF32-58EE-4540-9F1F-CD4A9815D4AA} = {D375BBD4-7000-4E0F-9042-E8601819AD32}
		{70118CFE-30A1-4ED0-B36C-0C9A0103C331} = {D375BBD4-7000-4E0F-9042-E8601819AD32}
		{93951166-497C-46EE-B86D-CD95E5718BF6} = {D375BBD4-7000-4E0F-9042-E8601819AD32}
		{40B8BCBE-5385-4FA3-BBF6-44CCA5C89E43} = {D375BBD4-7000-4E0F-9042-E8601819AD32}
		{9A2B22B1-3725-4CF2-B1C9-6D99C1B38B73} = {D375BBD4-7000-4E0F-9042-E8601819AD32}
		{F680BD57-A50A-44A5-AC1E-C3B01BB85D04} = {D375BBD4-7000-4E0F-9042-E8601819AD32}
		{FF5ED833-20EB-4D5A-BE45-9A992D6866A9} = {D375BBD4-7000-4E0F-9042-E8601819AD32}
		{251A37A5-96D9-4798-827B-C9489F124A26} = {D375BBD4-7000-4E0F-9042-E8601819AD32}
		{6AACE8C7-AB36-4F02-BE71-46E3484DB0C6} = {D375BBD4-7000-4E0F-9042-E8601819AD32}
		{D3AF1F1C-F72F-417C-87BE-E3D32AA1CED3} = {D375BBD4-7000-4E0F-9042-E8601819AD32}
		{F07BAC67-5DFC-476F-BE8A-655584D00F73} = {D375BBD4-7000-4E0F-9042-E8601819AD32}
		{36B4E92A-AF49-4E18-8CD4-A4A7E188F902} = {D375BBD4-7000-4E0F-9042-E8601819AD32}
		{353CF68D-4497-45B8-99BD-1BD570B7E44C} = {D375BBD4-7000-4E0F-9042-E8601819AD32}
		{C553EB2B-C28D-4FF0-ADE0-B01B5A21ECB2} = {D375BBD4-7000-4E0F-9042-E8601819AD32}
		{9513059D-EABF-4E7A-8456-29029AEA57CA} = {D375BBD4-7000-4E0F-9042-E8601819AD32}
		{AAC86433-3D6C-4FF2-A520-F135D944CAC1} = {D375BBD4-7000-4E0F-9042-E8601819AD32}
		{5FD9BA81-2BE2-4D1F-AE44-7BE454DE2B50} = {D375BBD4-7000-4E0F-9042-E8601819AD32}
		{2E93A064-E8B0-4471-B546-6ED9D2AE2C74} = {D375BBD4-7000-4E0F-9042-E8601819AD32}
		{9CEED04D-0C05-4FE0-AEFB-5260F4CDD727} = {D375BBD4-7000-4E0F-9042-E8601819AD32}
		{8A980D36-BC85-4476-B62F-97ED2950A643} = {D375BBD4-7000-4E0F-9042-E8601819AD32}
		{D434EBE6-D1FB-46CA-B853-5BC1DC6E58AA} = {D375BBD4-7000-4E0F-9042-E8601819AD32}
		{BBC7B886-407B-4451-962F-059C1D7C2497} = {D375BBD4-7000-4E0F-9042-E8601819AD32}
		{173CC1E5-FC02-4194-AB21-54163C7734B2} = {D375BBD4-7000-4E0F-9042-E8601819AD32}
		{633248D1-495C-41A8-BE19-011570A615DA} = {D375BBD4-7000-4E0F-9042-E8601819AD32}
		{3FC66C51-1CB7-419B-AE39-25FCEED4423A} = {D375BBD4-7000-4E0F-9042-E8601819AD32}
		{F03E9F27-B10C-411E-A0D1-FF8F61E31D9A} = {D375BBD4-7000-4E0F-9042-E8601819AD32}
		{C6AA2F40-9742-4BCD-85FA-FAFD0140F9FE} = {D375BBD4-7000-4E0F-9042-E8601819AD32}
		{0C2EBF80-C852-4941-9DB3-92D595D340A4} = {D375BBD4-7000-4E0F-9042-E8601819AD32}
		{A542EF60-1CCD-42E8-B1DF-F37CA2C3F8EE} = {D375BBD4-7000-4E0F-9042-E8601819AD32}
		{925FBAED-1C27-4B47-B285-DE2700C28132} = {D375BBD4-7000-4E0F-9042-E8601819AD32}
		{D42BCCB1-5D2C-4F61-8EC8-ED5CCA93366C} = {D375BBD4-7000-4E0F-9042-E8601819AD32}
		{536A3B7C-7A8C-4EDC-A65D-BD7EFB51FF51} = {D375BBD4-7000-4E0F-9042-E8601819AD32}
		{FC59D224-42AF-4F18-803A-855DAB61BB4A} = {D375BBD4-7000-4E0F-9042-E8601819AD32}
		{4FCA1A97-0A9E-4DAE-A94E-2926D2023DD2} = {D375BBD4-7000-4E0F-9042-E8601819AD32}
		{14A36559-B5EB-4CA6-A105-6A474BD3D254} = {D375BBD4-7000-4E0F-9042-E8601819AD32}
		{B16B3C6E-2462-4868-8943-4E72E81056CA} = {D375BBD4-7000-4E0F-9042-E8601819AD32}
		{AC683FDB-5726-4C26-ADF2-ADB59F43C4FC} = {D375BBD4-7000-4E0F-9042-E8601819AD32}
		{FC726200-9C3B-4EAF-B26D-3B05E65F89C3} = {D375BBD4-7000-4E0F-9042-E8601819AD32}
		{C80CE8D9-ADA1-45D0-807F-C3490D79AB65} = {D375BBD4-7000-4E0F-9042-E8601819AD32}
		{9C5E412F-72D7-417B-89E8-A477071EC364} = {D375BBD4-7000-4E0F-9042-E8601819AD32}
		{BC5E26DD-F694-4AA0-9D64-C3B7063BCA89} = {D375BBD4-7000-4E0F-9042-E8601819AD32}
		{EB95CD57-4587-42D5-BAF6-1C9E76C1B4E4} = {D375BBD4-7000-4E0F-9042-E8601819AD32}
		{B9674265-567E-4A70-8FA4-7AC71EEC6A34} = {D375BBD4-7000-4E0F-9042-E8601819AD32}
		{F9041E3B-7806-463A-83C3-FEB8AA17339B} = {D375BBD4-7000-4E0F-9042-E8601819AD32}
		{F42465A7-7122-427C-AF8C-CDB5A2844E1B} = {D375BBD4-7000-4E0F-9042-E8601819AD32}
		{703AC049-3AC6-417D-A182-0EA9DA104412} = {D375BBD4-7000-4E0F-9042-E8601819AD32}
		{DD8CA019-DC63-4C5C-91B2-77B09F35958C} = {D375BBD4-7000-4E0F-9042-E8601819AD32}
		{863DE014-BCC9-4567-9A4E-E3D5F6F4023E} = {D375BBD4-7000-4E0F-9042-E8601819AD32}
		{F3186B23-EBE8-45C4-BC33-CD30F1E30EB0} = {D375BBD4-7000-4E0F-9042-E8601819AD32}
		{97E6AE19-435A-4F4B-A5AE-2CCA48D7DF5E} = {D375BBD4-7000-4E0F-9042-E8601819AD32}
		{8EEB57D7-4068-4839-A296-863D083AA166} = {D375BBD4-7000-4E0F-9042-E8601819AD32}
		{642C95A7-2A53-46B6-B133-E7A4E906B2BC} = {D375BBD4-7000-4E0F-9042-E8601819AD32}
		{83D4A649-6F4A-4FE7-A1CD-D6692D3771E4} = {D375BBD4-7000-4E0F-9042-E8601819AD32}
		{27995674-18C1-48CF-A55F-0DD518D72C82} = {D375BBD4-7000-4E0F-9042-E8601819AD32}
		{46282645-473A-4D53-8D79-61989DDC41B1} = {D375BBD4-7000-4E0F-9042-E8601819AD32}
		{7DB86C27-EF14-47AE-BDB2-96881EC0F17C} = {D375BBD4-7000-4E0F-9042-E8601819AD32}
		{5C9EE48A-1A13-481F-9028-00E18F436C0C} = {D375BBD4-7000-4E0F-9042-E8601819AD32}
		{27B03CDD-33AD-4E7A-B712-A298D61F6D55} = {D375BBD4-7000-4E0F-9042-E8601819AD32}
		{2EF83B5B-8F7B-41E4-BF04-3BCD79A014D3} = {D375BBD4-7000-4E0F-9042-E8601819AD32}
		{8B5D3F79-123D-41A0-BC79-1282C6D67845} = {D375BBD4-7000-4E0F-9042-E8601819AD32}
		{BF42F980-86A8-493F-9209-FD368B657828} = {D375BBD4-7000-4E0F-9042-E8601819AD32}
		{62925A73-3B96-4097-9E72-66643803D362} = {D375BBD4-7000-4E0F-9042-E8601819AD32}
		{B7785060-0978-4807-9B37-4BB3BD6D8E46} = {D375BBD4-7000-4E0F-9042-E8601819AD32}
		{EB27B25F-C85C-4918-9643-699C7FF84E89} = {D375BBD4-7000-4E0F-9042-E8601819AD32}
		{428735F9-111E-4A82-B685-07EFBFAB7167} = {D375BBD4-7000-4E0F-9042-E8601819AD32}
		{0E098994-2EEE-439B-B77F-00B8A9B08C1C} = {D375BBD4-7000-4E0F-9042-E8601819AD32}
		{EE998DF9-40A1-49AE-A289-2627993EE7CC} = {D375BBD4-7000-4E0F-9042-E8601819AD32}
		{3E8F370B-BF41-417F-A91B-900FA38699F5} = {D375BBD4-7000-4E0F-9042-E8601819AD32}
		{361607DA-6251-47FE-97BE-C5A1B779B491} = {D375BBD4-7000-4E0F-9042-E8601819AD32}
		{1FD878DF-E304-4217-90CF-17CE946275A9} = {D375BBD4-7000-4E0F-9042-E8601819AD32}
		{6539ECF7-1B9A-4A31-84C3-A80CFC1329E1} = {D375BBD4-7000-4E0F-9042-E8601819AD32}
		{8DDD5706-4FC7-43DA-9151-6BD0BA8A7C20} = {D375BBD4-7000-4E0F-9042-E8601819AD32}
		{818031B4-73A1-4000-A241-EB30C5EBEEBD} = {D375BBD4-7000-4E0F-9042-E8601819AD32}
	EndGlobalSection
	GlobalSection(ExtensibilityGlobals) = postSolution
		SolutionGuid = {A71F8FBD-1F0C-4BC3-B6ED-ACF70DC5AA84}
	EndGlobalSection
EndGlobal
